// !$*UTF8*$!
{
	archiveVersion = 1;
	classes = {
	};
	objectVersion = 46;
	objects = {

/* Begin PBXBuildFile section */
		1881A20A1D0FCD8000192BD1 /* CategoriesTableViewController.m in Sources */ = {isa = PBXBuildFile; fileRef = 1881A2091D0FCD8000192BD1 /* CategoriesTableViewController.m */; };
		1881A20D1D0FD20B00192BD1 /* CategoriesCell.m in Sources */ = {isa = PBXBuildFile; fileRef = 1881A20C1D0FD20B00192BD1 /* CategoriesCell.m */; };
		1881A20F1D0FD22F00192BD1 /* CategoriesCell.xib in Resources */ = {isa = PBXBuildFile; fileRef = 1881A20E1D0FD22F00192BD1 /* CategoriesCell.xib */; };
		1881A2151D13085800192BD1 /* EventsViewController.m in Sources */ = {isa = PBXBuildFile; fileRef = 1881A2141D13085800192BD1 /* EventsViewController.m */; };
		188F51D91D0F08ED0083169D /* main.m in Sources */ = {isa = PBXBuildFile; fileRef = 188F51D81D0F08ED0083169D /* main.m */; };
		188F51DC1D0F08ED0083169D /* AppDelegate.m in Sources */ = {isa = PBXBuildFile; fileRef = 188F51DB1D0F08ED0083169D /* AppDelegate.m */; };
		188F51E21D0F08ED0083169D /* Main.storyboard in Resources */ = {isa = PBXBuildFile; fileRef = 188F51E01D0F08ED0083169D /* Main.storyboard */; };
		188F51E41D0F08ED0083169D /* Assets.xcassets in Resources */ = {isa = PBXBuildFile; fileRef = 188F51E31D0F08ED0083169D /* Assets.xcassets */; };
		188F51E71D0F08ED0083169D /* LaunchScreen.storyboard in Resources */ = {isa = PBXBuildFile; fileRef = 188F51E51D0F08ED0083169D /* LaunchScreen.storyboard */; };
		188F51F21D0F08ED0083169D /* TechTatva__16Tests.m in Sources */ = {isa = PBXBuildFile; fileRef = 188F51F11D0F08ED0083169D /* TechTatva__16Tests.m */; };
		188F51FD1D0F08ED0083169D /* TechTatva__16UITests.m in Sources */ = {isa = PBXBuildFile; fileRef = 188F51FC1D0F08ED0083169D /* TechTatva__16UITests.m */; };
/* End PBXBuildFile section */

/* Begin PBXContainerItemProxy section */
		188F51EE1D0F08ED0083169D /* PBXContainerItemProxy */ = {
			isa = PBXContainerItemProxy;
			containerPortal = 188F51CC1D0F08ED0083169D /* Project object */;
			proxyType = 1;
			remoteGlobalIDString = 188F51D31D0F08ED0083169D;
			remoteInfo = "TechTatva '16";
		};
		188F51F91D0F08ED0083169D /* PBXContainerItemProxy */ = {
			isa = PBXContainerItemProxy;
			containerPortal = 188F51CC1D0F08ED0083169D /* Project object */;
			proxyType = 1;
			remoteGlobalIDString = 188F51D31D0F08ED0083169D;
			remoteInfo = "TechTatva '16";
		};
/* End PBXContainerItemProxy section */

/* Begin PBXFileReference section */
		1881A2081D0FCD8000192BD1 /* CategoriesTableViewController.h */ = {isa = PBXFileReference; fileEncoding = 4; lastKnownFileType = sourcecode.c.h; name = CategoriesTableViewController.h; path = ../CategoriesTableViewController.h; sourceTree = "<group>"; };
		1881A2091D0FCD8000192BD1 /* CategoriesTableViewController.m */ = {isa = PBXFileReference; fileEncoding = 4; lastKnownFileType = sourcecode.c.objc; name = CategoriesTableViewController.m; path = ../CategoriesTableViewController.m; sourceTree = "<group>"; };
		1881A20B1D0FD20B00192BD1 /* CategoriesCell.h */ = {isa = PBXFileReference; fileEncoding = 4; lastKnownFileType = sourcecode.c.h; path = CategoriesCell.h; sourceTree = "<group>"; };
		1881A20C1D0FD20B00192BD1 /* CategoriesCell.m */ = {isa = PBXFileReference; fileEncoding = 4; lastKnownFileType = sourcecode.c.objc; path = CategoriesCell.m; sourceTree = "<group>"; };
		1881A20E1D0FD22F00192BD1 /* CategoriesCell.xib */ = {isa = PBXFileReference; fileEncoding = 4; lastKnownFileType = file.xib; path = CategoriesCell.xib; sourceTree = "<group>"; };
		1881A2131D13085800192BD1 /* EventsViewController.h */ = {isa = PBXFileReference; fileEncoding = 4; lastKnownFileType = sourcecode.c.h; path = EventsViewController.h; sourceTree = "<group>"; };
		1881A2141D13085800192BD1 /* EventsViewController.m */ = {isa = PBXFileReference; fileEncoding = 4; lastKnownFileType = sourcecode.c.objc; path = EventsViewController.m; sourceTree = "<group>"; };
		188F51D41D0F08ED0083169D /* TechTatva '16.app */ = {isa = PBXFileReference; explicitFileType = wrapper.application; includeInIndex = 0; path = "TechTatva '16.app"; sourceTree = BUILT_PRODUCTS_DIR; };
		188F51D81D0F08ED0083169D /* main.m */ = {isa = PBXFileReference; lastKnownFileType = sourcecode.c.objc; path = main.m; sourceTree = "<group>"; };
		188F51DA1D0F08ED0083169D /* AppDelegate.h */ = {isa = PBXFileReference; lastKnownFileType = sourcecode.c.h; path = AppDelegate.h; sourceTree = "<group>"; };
		188F51DB1D0F08ED0083169D /* AppDelegate.m */ = {isa = PBXFileReference; lastKnownFileType = sourcecode.c.objc; path = AppDelegate.m; sourceTree = "<group>"; };
		188F51E11D0F08ED0083169D /* Base */ = {isa = PBXFileReference; lastKnownFileType = file.storyboard; name = Base; path = Base.lproj/Main.storyboard; sourceTree = "<group>"; };
		188F51E31D0F08ED0083169D /* Assets.xcassets */ = {isa = PBXFileReference; lastKnownFileType = folder.assetcatalog; path = Assets.xcassets; sourceTree = "<group>"; };
		188F51E61D0F08ED0083169D /* Base */ = {isa = PBXFileReference; lastKnownFileType = file.storyboard; name = Base; path = Base.lproj/LaunchScreen.storyboard; sourceTree = "<group>"; };
		188F51E81D0F08ED0083169D /* Info.plist */ = {isa = PBXFileReference; lastKnownFileType = text.plist.xml; path = Info.plist; sourceTree = "<group>"; };
		188F51ED1D0F08ED0083169D /* TechTatva '16Tests.xctest */ = {isa = PBXFileReference; explicitFileType = wrapper.cfbundle; includeInIndex = 0; path = "TechTatva '16Tests.xctest"; sourceTree = BUILT_PRODUCTS_DIR; };
		188F51F11D0F08ED0083169D /* TechTatva__16Tests.m */ = {isa = PBXFileReference; lastKnownFileType = sourcecode.c.objc; path = TechTatva__16Tests.m; sourceTree = "<group>"; };
		188F51F31D0F08ED0083169D /* Info.plist */ = {isa = PBXFileReference; lastKnownFileType = text.plist.xml; path = Info.plist; sourceTree = "<group>"; };
		188F51F81D0F08ED0083169D /* TechTatva '16UITests.xctest */ = {isa = PBXFileReference; explicitFileType = wrapper.cfbundle; includeInIndex = 0; path = "TechTatva '16UITests.xctest"; sourceTree = BUILT_PRODUCTS_DIR; };
		188F51FC1D0F08ED0083169D /* TechTatva__16UITests.m */ = {isa = PBXFileReference; lastKnownFileType = sourcecode.c.objc; path = TechTatva__16UITests.m; sourceTree = "<group>"; };
		188F51FE1D0F08ED0083169D /* Info.plist */ = {isa = PBXFileReference; lastKnownFileType = text.plist.xml; path = Info.plist; sourceTree = "<group>"; };
/* End PBXFileReference section */

/* Begin PBXFrameworksBuildPhase section */
		188F51D11D0F08ED0083169D /* Frameworks */ = {
			isa = PBXFrameworksBuildPhase;
			buildActionMask = 2147483647;
			files = (
			);
			runOnlyForDeploymentPostprocessing = 0;
		};
		188F51EA1D0F08ED0083169D /* Frameworks */ = {
			isa = PBXFrameworksBuildPhase;
			buildActionMask = 2147483647;
			files = (
			);
			runOnlyForDeploymentPostprocessing = 0;
		};
		188F51F51D0F08ED0083169D /* Frameworks */ = {
			isa = PBXFrameworksBuildPhase;
			buildActionMask = 2147483647;
			files = (
			);
			runOnlyForDeploymentPostprocessing = 0;
		};
/* End PBXFrameworksBuildPhase section */

/* Begin PBXGroup section */
		188F51CB1D0F08ED0083169D = {
			isa = PBXGroup;
			children = (
				188F51D61D0F08ED0083169D /* TechTatva '16 */,
				188F51F01D0F08ED0083169D /* TechTatva '16Tests */,
				188F51FB1D0F08ED0083169D /* TechTatva '16UITests */,
				188F51D51D0F08ED0083169D /* Products */,
			);
			sourceTree = "<group>";
		};
		188F51D51D0F08ED0083169D /* Products */ = {
			isa = PBXGroup;
			children = (
				188F51D41D0F08ED0083169D /* TechTatva '16.app */,
				188F51ED1D0F08ED0083169D /* TechTatva '16Tests.xctest */,
				188F51F81D0F08ED0083169D /* TechTatva '16UITests.xctest */,
			);
			name = Products;
			sourceTree = "<group>";
		};
		188F51D61D0F08ED0083169D /* TechTatva '16 */ = {
			isa = PBXGroup;
			children = (
				188F51DA1D0F08ED0083169D /* AppDelegate.h */,
				188F51DB1D0F08ED0083169D /* AppDelegate.m */,
				188F51E01D0F08ED0083169D /* Main.storyboard */,
				1881A2131D13085800192BD1 /* EventsViewController.h */,
				1881A2141D13085800192BD1 /* EventsViewController.m */,
				1881A2081D0FCD8000192BD1 /* CategoriesTableViewController.h */,
				1881A2091D0FCD8000192BD1 /* CategoriesTableViewController.m */,
				1881A20B1D0FD20B00192BD1 /* CategoriesCell.h */,
				1881A20C1D0FD20B00192BD1 /* CategoriesCell.m */,
				1881A20E1D0FD22F00192BD1 /* CategoriesCell.xib */,
				188F51E31D0F08ED0083169D /* Assets.xcassets */,
				188F51E51D0F08ED0083169D /* LaunchScreen.storyboard */,
				188F51E81D0F08ED0083169D /* Info.plist */,
				188F51D71D0F08ED0083169D /* Supporting Files */,
			);
			path = "TechTatva '16";
			sourceTree = "<group>";
		};
		188F51D71D0F08ED0083169D /* Supporting Files */ = {
			isa = PBXGroup;
			children = (
				188F51D81D0F08ED0083169D /* main.m */,
			);
			name = "Supporting Files";
			sourceTree = "<group>";
		};
		188F51F01D0F08ED0083169D /* TechTatva '16Tests */ = {
			isa = PBXGroup;
			children = (
				188F51F11D0F08ED0083169D /* TechTatva__16Tests.m */,
				188F51F31D0F08ED0083169D /* Info.plist */,
			);
			path = "TechTatva '16Tests";
			sourceTree = "<group>";
		};
		188F51FB1D0F08ED0083169D /* TechTatva '16UITests */ = {
			isa = PBXGroup;
			children = (
				188F51FC1D0F08ED0083169D /* TechTatva__16UITests.m */,
				188F51FE1D0F08ED0083169D /* Info.plist */,
			);
			path = "TechTatva '16UITests";
			sourceTree = "<group>";
		};
/* End PBXGroup section */

/* Begin PBXNativeTarget section */
		188F51D31D0F08ED0083169D /* TechTatva '16 */ = {
			isa = PBXNativeTarget;
			buildConfigurationList = 188F52011D0F08ED0083169D /* Build configuration list for PBXNativeTarget "TechTatva '16" */;
			buildPhases = (
				188F51D01D0F08ED0083169D /* Sources */,
				188F51D11D0F08ED0083169D /* Frameworks */,
				188F51D21D0F08ED0083169D /* Resources */,
			);
			buildRules = (
			);
			dependencies = (
			);
			name = "TechTatva '16";
			productName = "TechTatva '16";
			productReference = 188F51D41D0F08ED0083169D /* TechTatva '16.app */;
			productType = "com.apple.product-type.application";
		};
		188F51EC1D0F08ED0083169D /* TechTatva '16Tests */ = {
			isa = PBXNativeTarget;
			buildConfigurationList = 188F52041D0F08ED0083169D /* Build configuration list for PBXNativeTarget "TechTatva '16Tests" */;
			buildPhases = (
				188F51E91D0F08ED0083169D /* Sources */,
				188F51EA1D0F08ED0083169D /* Frameworks */,
				188F51EB1D0F08ED0083169D /* Resources */,
			);
			buildRules = (
			);
			dependencies = (
				188F51EF1D0F08ED0083169D /* PBXTargetDependency */,
			);
			name = "TechTatva '16Tests";
			productName = "TechTatva '16Tests";
			productReference = 188F51ED1D0F08ED0083169D /* TechTatva '16Tests.xctest */;
			productType = "com.apple.product-type.bundle.unit-test";
		};
		188F51F71D0F08ED0083169D /* TechTatva '16UITests */ = {
			isa = PBXNativeTarget;
			buildConfigurationList = 188F52071D0F08ED0083169D /* Build configuration list for PBXNativeTarget "TechTatva '16UITests" */;
			buildPhases = (
				188F51F41D0F08ED0083169D /* Sources */,
				188F51F51D0F08ED0083169D /* Frameworks */,
				188F51F61D0F08ED0083169D /* Resources */,
			);
			buildRules = (
			);
			dependencies = (
				188F51FA1D0F08ED0083169D /* PBXTargetDependency */,
			);
			name = "TechTatva '16UITests";
			productName = "TechTatva '16UITests";
			productReference = 188F51F81D0F08ED0083169D /* TechTatva '16UITests.xctest */;
			productType = "com.apple.product-type.bundle.ui-testing";
		};
/* End PBXNativeTarget section */

/* Begin PBXProject section */
		188F51CC1D0F08ED0083169D /* Project object */ = {
			isa = PBXProject;
			attributes = {
				LastUpgradeCheck = 0730;
				ORGANIZATIONNAME = YASH;
				TargetAttributes = {
					188F51D31D0F08ED0083169D = {
						CreatedOnToolsVersion = 7.3;
					};
					188F51EC1D0F08ED0083169D = {
						CreatedOnToolsVersion = 7.3;
						TestTargetID = 188F51D31D0F08ED0083169D;
					};
					188F51F71D0F08ED0083169D = {
						CreatedOnToolsVersion = 7.3;
						TestTargetID = 188F51D31D0F08ED0083169D;
					};
				};
			};
			buildConfigurationList = 188F51CF1D0F08ED0083169D /* Build configuration list for PBXProject "TechTatva '16" */;
			compatibilityVersion = "Xcode 3.2";
			developmentRegion = English;
			hasScannedForEncodings = 0;
			knownRegions = (
				en,
				Base,
			);
			mainGroup = 188F51CB1D0F08ED0083169D;
			productRefGroup = 188F51D51D0F08ED0083169D /* Products */;
			projectDirPath = "";
			projectRoot = "";
			targets = (
				188F51D31D0F08ED0083169D /* TechTatva '16 */,
				188F51EC1D0F08ED0083169D /* TechTatva '16Tests */,
				188F51F71D0F08ED0083169D /* TechTatva '16UITests */,
			);
		};
/* End PBXProject section */

/* Begin PBXResourcesBuildPhase section */
		188F51D21D0F08ED0083169D /* Resources */ = {
			isa = PBXResourcesBuildPhase;
			buildActionMask = 2147483647;
			files = (
				188F51E71D0F08ED0083169D /* LaunchScreen.storyboard in Resources */,
				1881A20F1D0FD22F00192BD1 /* CategoriesCell.xib in Resources */,
				188F51E41D0F08ED0083169D /* Assets.xcassets in Resources */,
				188F51E21D0F08ED0083169D /* Main.storyboard in Resources */,
			);
			runOnlyForDeploymentPostprocessing = 0;
		};
		188F51EB1D0F08ED0083169D /* Resources */ = {
			isa = PBXResourcesBuildPhase;
			buildActionMask = 2147483647;
			files = (
			);
			runOnlyForDeploymentPostprocessing = 0;
		};
		188F51F61D0F08ED0083169D /* Resources */ = {
			isa = PBXResourcesBuildPhase;
			buildActionMask = 2147483647;
			files = (
			);
			runOnlyForDeploymentPostprocessing = 0;
		};
/* End PBXResourcesBuildPhase section */

/* Begin PBXSourcesBuildPhase section */
		188F51D01D0F08ED0083169D /* Sources */ = {
			isa = PBXSourcesBuildPhase;
			buildActionMask = 2147483647;
			files = (
				188F51DC1D0F08ED0083169D /* AppDelegate.m in Sources */,
				1881A2151D13085800192BD1 /* EventsViewController.m in Sources */,
				1881A20D1D0FD20B00192BD1 /* CategoriesCell.m in Sources */,
				188F51D91D0F08ED0083169D /* main.m in Sources */,
				1881A20A1D0FCD8000192BD1 /* CategoriesTableViewController.m in Sources */,
			);
			runOnlyForDeploymentPostprocessing = 0;
		};
		188F51E91D0F08ED0083169D /* Sources */ = {
			isa = PBXSourcesBuildPhase;
			buildActionMask = 2147483647;
			files = (
				188F51F21D0F08ED0083169D /* TechTatva__16Tests.m in Sources */,
			);
			runOnlyForDeploymentPostprocessing = 0;
		};
		188F51F41D0F08ED0083169D /* Sources */ = {
			isa = PBXSourcesBuildPhase;
			buildActionMask = 2147483647;
			files = (
				188F51FD1D0F08ED0083169D /* TechTatva__16UITests.m in Sources */,
			);
			runOnlyForDeploymentPostprocessing = 0;
		};
/* End PBXSourcesBuildPhase section */

/* Begin PBXTargetDependency section */
		188F51EF1D0F08ED0083169D /* PBXTargetDependency */ = {
			isa = PBXTargetDependency;
			target = 188F51D31D0F08ED0083169D /* TechTatva '16 */;
			targetProxy = 188F51EE1D0F08ED0083169D /* PBXContainerItemProxy */;
		};
		188F51FA1D0F08ED0083169D /* PBXTargetDependency */ = {
			isa = PBXTargetDependency;
			target = 188F51D31D0F08ED0083169D /* TechTatva '16 */;
			targetProxy = 188F51F91D0F08ED0083169D /* PBXContainerItemProxy */;
		};
/* End PBXTargetDependency section */

/* Begin PBXVariantGroup section */
		188F51E01D0F08ED0083169D /* Main.storyboard */ = {
			isa = PBXVariantGroup;
			children = (
				188F51E11D0F08ED0083169D /* Base */,
			);
			name = Main.storyboard;
			sourceTree = "<group>";
		};
		188F51E51D0F08ED0083169D /* LaunchScreen.storyboard */ = {
			isa = PBXVariantGroup;
			children = (
				188F51E61D0F08ED0083169D /* Base */,
			);
			name = LaunchScreen.storyboard;
			sourceTree = "<group>";
		};
/* End PBXVariantGroup section */

/* Begin XCBuildConfiguration section */
		188F51FF1D0F08ED0083169D /* Debug */ = {
			isa = XCBuildConfiguration;
			buildSettings = {
				ALWAYS_SEARCH_USER_PATHS = NO;
				CLANG_ANALYZER_NONNULL = YES;
				CLANG_CXX_LANGUAGE_STANDARD = "gnu++0x";
				CLANG_CXX_LIBRARY = "libc++";
				CLANG_ENABLE_MODULES = YES;
				CLANG_ENABLE_OBJC_ARC = YES;
				CLANG_WARN_BOOL_CONVERSION = YES;
				CLANG_WARN_CONSTANT_CONVERSION = YES;
				CLANG_WARN_DIRECT_OBJC_ISA_USAGE = YES_ERROR;
				CLANG_WARN_EMPTY_BODY = YES;
				CLANG_WARN_ENUM_CONVERSION = YES;
				CLANG_WARN_INT_CONVERSION = YES;
				CLANG_WARN_OBJC_ROOT_CLASS = YES_ERROR;
				CLANG_WARN_UNREACHABLE_CODE = YES;
				CLANG_WARN__DUPLICATE_METHOD_MATCH = YES;
				"CODE_SIGN_IDENTITY[sdk=iphoneos*]" = "iPhone Developer";
				COPY_PHASE_STRIP = NO;
				DEBUG_INFORMATION_FORMAT = dwarf;
				ENABLE_STRICT_OBJC_MSGSEND = YES;
				ENABLE_TESTABILITY = YES;
				GCC_C_LANGUAGE_STANDARD = gnu99;
				GCC_DYNAMIC_NO_PIC = NO;
				GCC_NO_COMMON_BLOCKS = YES;
				GCC_OPTIMIZATION_LEVEL = 0;
				GCC_PREPROCESSOR_DEFINITIONS = (
					"DEBUG=1",
					"$(inherited)",
				);
				GCC_WARN_64_TO_32_BIT_CONVERSION = YES;
				GCC_WARN_ABOUT_RETURN_TYPE = YES_ERROR;
				GCC_WARN_UNDECLARED_SELECTOR = YES;
				GCC_WARN_UNINITIALIZED_AUTOS = YES_AGGRESSIVE;
				GCC_WARN_UNUSED_FUNCTION = YES;
				GCC_WARN_UNUSED_VARIABLE = YES;
				IPHONEOS_DEPLOYMENT_TARGET = 9.3;
				MTL_ENABLE_DEBUG_INFO = YES;
				ONLY_ACTIVE_ARCH = YES;
				SDKROOT = iphoneos;
			};
			name = Debug;
		};
		188F52001D0F08ED0083169D /* Release */ = {
			isa = XCBuildConfiguration;
			buildSettings = {
				ALWAYS_SEARCH_USER_PATHS = NO;
				CLANG_ANALYZER_NONNULL = YES;
				CLANG_CXX_LANGUAGE_STANDARD = "gnu++0x";
				CLANG_CXX_LIBRARY = "libc++";
				CLANG_ENABLE_MODULES = YES;
				CLANG_ENABLE_OBJC_ARC = YES;
				CLANG_WARN_BOOL_CONVERSION = YES;
				CLANG_WARN_CONSTANT_CONVERSION = YES;
				CLANG_WARN_DIRECT_OBJC_ISA_USAGE = YES_ERROR;
				CLANG_WARN_EMPTY_BODY = YES;
				CLANG_WARN_ENUM_CONVERSION = YES;
				CLANG_WARN_INT_CONVERSION = YES;
				CLANG_WARN_OBJC_ROOT_CLASS = YES_ERROR;
				CLANG_WARN_UNREACHABLE_CODE = YES;
				CLANG_WARN__DUPLICATE_METHOD_MATCH = YES;
				"CODE_SIGN_IDENTITY[sdk=iphoneos*]" = "iPhone Developer";
				COPY_PHASE_STRIP = NO;
				DEBUG_INFORMATION_FORMAT = "dwarf-with-dsym";
				ENABLE_NS_ASSERTIONS = NO;
				ENABLE_STRICT_OBJC_MSGSEND = YES;
				GCC_C_LANGUAGE_STANDARD = gnu99;
				GCC_NO_COMMON_BLOCKS = YES;
				GCC_WARN_64_TO_32_BIT_CONVERSION = YES;
				GCC_WARN_ABOUT_RETURN_TYPE = YES_ERROR;
				GCC_WARN_UNDECLARED_SELECTOR = YES;
				GCC_WARN_UNINITIALIZED_AUTOS = YES_AGGRESSIVE;
				GCC_WARN_UNUSED_FUNCTION = YES;
				GCC_WARN_UNUSED_VARIABLE = YES;
				IPHONEOS_DEPLOYMENT_TARGET = 9.3;
				MTL_ENABLE_DEBUG_INFO = NO;
				SDKROOT = iphoneos;
				VALIDATE_PRODUCT = YES;
			};
			name = Release;
		};
		188F52021D0F08ED0083169D /* Debug */ = {
			isa = XCBuildConfiguration;
			buildSettings = {
				ASSETCATALOG_COMPILER_APPICON_NAME = AppIcon;
				INFOPLIST_FILE = "TechTatva '16/Info.plist";
				IPHONEOS_DEPLOYMENT_TARGET = 8.4;
				LD_RUNPATH_SEARCH_PATHS = "$(inherited) @executable_path/Frameworks";
				PRODUCT_BUNDLE_IDENTIFIER = "org.LUGM.TechTatva--16";
				PRODUCT_NAME = "$(TARGET_NAME)";
			};
			name = Debug;
		};
		188F52031D0F08ED0083169D /* Release */ = {
			isa = XCBuildConfiguration;
			buildSettings = {
				ASSETCATALOG_COMPILER_APPICON_NAME = AppIcon;
				INFOPLIST_FILE = "TechTatva '16/Info.plist";
				IPHONEOS_DEPLOYMENT_TARGET = 8.4;
				LD_RUNPATH_SEARCH_PATHS = "$(inherited) @executable_path/Frameworks";
				PRODUCT_BUNDLE_IDENTIFIER = "org.LUGM.TechTatva--16";
				PRODUCT_NAME = "$(TARGET_NAME)";
			};
			name = Release;
		};
		188F52051D0F08ED0083169D /* Debug */ = {
			isa = XCBuildConfiguration;
			buildSettings = {
				BUNDLE_LOADER = "$(TEST_HOST)";
				INFOPLIST_FILE = "TechTatva '16Tests/Info.plist";
				LD_RUNPATH_SEARCH_PATHS = "$(inherited) @executable_path/Frameworks @loader_path/Frameworks";
				PRODUCT_BUNDLE_IDENTIFIER = "org.LUGM.TechTatva--16Tests";
				PRODUCT_NAME = "$(TARGET_NAME)";
				TEST_HOST = "$(BUILT_PRODUCTS_DIR)/TechTatva '16.app/TechTatva '16";
			};
			name = Debug;
		};
		188F52061D0F08ED0083169D /* Release */ = {
			isa = XCBuildConfiguration;
			buildSettings = {
				BUNDLE_LOADER = "$(TEST_HOST)";
				INFOPLIST_FILE = "TechTatva '16Tests/Info.plist";
				LD_RUNPATH_SEARCH_PATHS = "$(inherited) @executable_path/Frameworks @loader_path/Frameworks";
				PRODUCT_BUNDLE_IDENTIFIER = "org.LUGM.TechTatva--16Tests";
				PRODUCT_NAME = "$(TARGET_NAME)";
				TEST_HOST = "$(BUILT_PRODUCTS_DIR)/TechTatva '16.app/TechTatva '16";
			};
			name = Release;
		};
		188F52081D0F08ED0083169D /* Debug */ = {
			isa = XCBuildConfiguration;
			buildSettings = {
				INFOPLIST_FILE = "TechTatva '16UITests/Info.plist";
				LD_RUNPATH_SEARCH_PATHS = "$(inherited) @executable_path/Frameworks @loader_path/Frameworks";
				PRODUCT_BUNDLE_IDENTIFIER = "org.LUGM.TechTatva--16UITests";
				PRODUCT_NAME = "$(TARGET_NAME)";
				TEST_TARGET_NAME = "TechTatva '16";
			};
			name = Debug;
		};
		188F52091D0F08ED0083169D /* Release */ = {
			isa = XCBuildConfiguration;
			buildSettings = {
				INFOPLIST_FILE = "TechTatva '16UITests/Info.plist";
				LD_RUNPATH_SEARCH_PATHS = "$(inherited) @executable_path/Frameworks @loader_path/Frameworks";
				PRODUCT_BUNDLE_IDENTIFIER = "org.LUGM.TechTatva--16UITests";
				PRODUCT_NAME = "$(TARGET_NAME)";
				TEST_TARGET_NAME = "TechTatva '16";
			};
			name = Release;
		};
/* End XCBuildConfiguration section */

/* Begin XCConfigurationList section */
		188F51CF1D0F08ED0083169D /* Build configuration list for PBXProject "TechTatva '16" */ = {
			isa = XCConfigurationList;
			buildConfigurations = (
				188F51FF1D0F08ED0083169D /* Debug */,
				188F52001D0F08ED0083169D /* Release */,
			);
			defaultConfigurationIsVisible = 0;
			defaultConfigurationName = Release;
		};
		188F52011D0F08ED0083169D /* Build configuration list for PBXNativeTarget "TechTatva '16" */ = {
			isa = XCConfigurationList;
			buildConfigurations = (
				188F52021D0F08ED0083169D /* Debug */,
				188F52031D0F08ED0083169D /* Release */,
			);
			defaultConfigurationIsVisible = 0;
			defaultConfigurationName = Release;
		};
		188F52041D0F08ED0083169D /* Build configuration list for PBXNativeTarget "TechTatva '16Tests" */ = {
			isa = XCConfigurationList;
			buildConfigurations = (
				188F52051D0F08ED0083169D /* Debug */,
				188F52061D0F08ED0083169D /* Release */,
			);
			defaultConfigurationIsVisible = 0;
			defaultConfigurationName = Release;
		};
		188F52071D0F08ED0083169D /* Build configuration list for PBXNativeTarget "TechTatva '16UITests" */ = {
			isa = XCConfigurationList;
			buildConfigurations = (
				188F52081D0F08ED0083169D /* Debug */,
				188F52091D0F08ED0083169D /* Release */,
			);
			defaultConfigurationIsVisible = 0;
			defaultConfigurationName = Release;
		};
/* End XCConfigurationList section */
	};
	rootObject = 188F51CC1D0F08ED0083169D /* Project object */;
}
