// !$*UTF8*$!
{
	archiveVersion = 1;
	classes = {
	};
	objectVersion = 46;
	objects = {

/* Begin PBXBuildFile section */
		1746BB7FEB69F470449224C1 /* libPods-TechTatva '16UITests.a in Frameworks */ = {isa = PBXBuildFile; fileRef = A3FE22D2C8719D49855D143B /* libPods-TechTatva '16UITests.a */; };
		181290C21D92C06200E5B740 /* Reachability.m in Sources */ = {isa = PBXBuildFile; fileRef = 181290C11D92C06200E5B740 /* Reachability.m */; };
		181290C31D92C06200E5B740 /* Reachability.m in Sources */ = {isa = PBXBuildFile; fileRef = 181290C11D92C06200E5B740 /* Reachability.m */; };
		181290C41D92C06200E5B740 /* Reachability.m in Sources */ = {isa = PBXBuildFile; fileRef = 181290C11D92C06200E5B740 /* Reachability.m */; };
		1827822E1DA8C5A600BD8C34 /* launchvideo.mp4 in Resources */ = {isa = PBXBuildFile; fileRef = 1827822D1DA8C5A600BD8C34 /* launchvideo.mp4 */; };
		182782311DA8C5CB00BD8C34 /* SplashViewController.m in Sources */ = {isa = PBXBuildFile; fileRef = 182782301DA8C5CB00BD8C34 /* SplashViewController.m */; };
		182782341DA8C7A000BD8C34 /* AVFoundation.framework in Frameworks */ = {isa = PBXBuildFile; fileRef = 182782331DA8C7A000BD8C34 /* AVFoundation.framework */; };
		182782361DA8C7A500BD8C34 /* CoreGraphics.framework in Frameworks */ = {isa = PBXBuildFile; fileRef = 182782351DA8C7A500BD8C34 /* CoreGraphics.framework */; };
		182782381DA8C7AA00BD8C34 /* AudioToolbox.framework in Frameworks */ = {isa = PBXBuildFile; fileRef = 182782371DA8C7AA00BD8C34 /* AudioToolbox.framework */; };
		1827823A1DA8FA9F00BD8C34 /* GoogleService-Info.plist in Resources */ = {isa = PBXBuildFile; fileRef = 182782391DA8FA9F00BD8C34 /* GoogleService-Info.plist */; };
		1828D81C1D7476B000E0454F /* CategoriesTableViewCell.m in Sources */ = {isa = PBXBuildFile; fileRef = 1828D81A1D7476B000E0454F /* CategoriesTableViewCell.m */; };
		1828D81D1D7476B000E0454F /* CategoriesTableViewCell.xib in Resources */ = {isa = PBXBuildFile; fileRef = 1828D81B1D7476B000E0454F /* CategoriesTableViewCell.xib */; };
		184A2AEB1DA5C51100D589DE /* Snapchat-100.png in Resources */ = {isa = PBXBuildFile; fileRef = 184A2AEA1DA5C51100D589DE /* Snapchat-100.png */; };
		18541FE01D6DD9370046EAD0 /* Favourites.xcdatamodeld in Sources */ = {isa = PBXBuildFile; fileRef = 18541FDE1D6DD9370046EAD0 /* Favourites.xcdatamodeld */; };
		18749BC01D13F17600858B85 /* MoreTableViewController.m in Sources */ = {isa = PBXBuildFile; fileRef = 18749BBF1D13F17600858B85 /* MoreTableViewController.m */; };
		18749BC71D13F8FC00858B85 /* thumb_IMG_7632_1024.jpg in Resources */ = {isa = PBXBuildFile; fileRef = 18749BC61D13F8FC00858B85 /* thumb_IMG_7632_1024.jpg */; };
		18749BCA1D14094700858B85 /* ResultsTableViewController.m in Sources */ = {isa = PBXBuildFile; fileRef = 18749BC91D14094700858B85 /* ResultsTableViewController.m */; };
		18749BCE1D140AC600858B85 /* ResultsTableViewCell.m in Sources */ = {isa = PBXBuildFile; fileRef = 18749BCC1D140AC600858B85 /* ResultsTableViewCell.m */; };
		18749BCF1D140AC600858B85 /* ResultsTableViewCell.xib in Resources */ = {isa = PBXBuildFile; fileRef = 18749BCD1D140AC600858B85 /* ResultsTableViewCell.xib */; };
		1881A20A1D0FCD8000192BD1 /* CategoriesTableViewController.m in Sources */ = {isa = PBXBuildFile; fileRef = 1881A2091D0FCD8000192BD1 /* CategoriesTableViewController.m */; };
		1881A2151D13085800192BD1 /* EventsViewController.m in Sources */ = {isa = PBXBuildFile; fileRef = 1881A2141D13085800192BD1 /* EventsViewController.m */; };
		188F51D91D0F08ED0083169D /* main.m in Sources */ = {isa = PBXBuildFile; fileRef = 188F51D81D0F08ED0083169D /* main.m */; };
		188F51DC1D0F08ED0083169D /* AppDelegate.m in Sources */ = {isa = PBXBuildFile; fileRef = 188F51DB1D0F08ED0083169D /* AppDelegate.m */; };
		188F51E21D0F08ED0083169D /* Main.storyboard in Resources */ = {isa = PBXBuildFile; fileRef = 188F51E01D0F08ED0083169D /* Main.storyboard */; };
		188F51E41D0F08ED0083169D /* Assets.xcassets in Resources */ = {isa = PBXBuildFile; fileRef = 188F51E31D0F08ED0083169D /* Assets.xcassets */; };
		188F51E71D0F08ED0083169D /* LaunchScreen.storyboard in Resources */ = {isa = PBXBuildFile; fileRef = 188F51E51D0F08ED0083169D /* LaunchScreen.storyboard */; };
		188F51F21D0F08ED0083169D /* TechTatva__16Tests.m in Sources */ = {isa = PBXBuildFile; fileRef = 188F51F11D0F08ED0083169D /* TechTatva__16Tests.m */; };
		188F51FD1D0F08ED0083169D /* TechTatva__16UITests.m in Sources */ = {isa = PBXBuildFile; fileRef = 188F51FC1D0F08ED0083169D /* TechTatva__16UITests.m */; };
		18FFC4AD1DA88164000CD00E /* FavouritesTableViewController.m in Sources */ = {isa = PBXBuildFile; fileRef = 18FFC4AC1DA88164000CD00E /* FavouritesTableViewController.m */; };
		18FFC4B11DA8858F000CD00E /* DevelopersViewController.m in Sources */ = {isa = PBXBuildFile; fileRef = 18FFC4B01DA8858F000CD00E /* DevelopersViewController.m */; };
		18FFC4B71DA886A4000CD00E /* Favourite+CoreDataClass.m in Sources */ = {isa = PBXBuildFile; fileRef = 18FFC4B41DA886A4000CD00E /* Favourite+CoreDataClass.m */; };
		18FFC4B81DA886A4000CD00E /* Favourite+CoreDataProperties.m in Sources */ = {isa = PBXBuildFile; fileRef = 18FFC4B61DA886A4000CD00E /* Favourite+CoreDataProperties.m */; };
		18FFC4BB1DA88BB7000CD00E /* TrendingTableViewController.m in Sources */ = {isa = PBXBuildFile; fileRef = 18FFC4BA1DA88BB7000CD00E /* TrendingTableViewController.m */; };
		18FFC4BF1DA89610000CD00E /* UITableView+Animations.m in Sources */ = {isa = PBXBuildFile; fileRef = 18FFC4BE1DA89610000CD00E /* UITableView+Animations.m */; };
		18FFC4C41DA89646000CD00E /* DevViewCell.xib in Resources */ = {isa = PBXBuildFile; fileRef = 18FFC4C11DA89646000CD00E /* DevViewCell.xib */; };
		18FFC4C51DA89646000CD00E /* DevViewTableViewCell.m in Sources */ = {isa = PBXBuildFile; fileRef = 18FFC4C31DA89646000CD00E /* DevViewTableViewCell.m */; };
		40F17476E22BBAC7B56FCF32 /* libPods-TechTatva '16Tests.a in Frameworks */ = {isa = PBXBuildFile; fileRef = 155EB34EA3610CCE0A58E7CF /* libPods-TechTatva '16Tests.a */; };
		59544E091DA8A76F00BDA118 /* UIImage+ImageEffects.m in Sources */ = {isa = PBXBuildFile; fileRef = 59544E081DA8A76F00BDA118 /* UIImage+ImageEffects.m */; };
		59544E0D1DA8A77400BDA118 /* ASMutableURLRequest.m in Sources */ = {isa = PBXBuildFile; fileRef = 59544E0C1DA8A77400BDA118 /* ASMutableURLRequest.m */; };
		59544E111DA8A77900BDA118 /* CrossButton.m in Sources */ = {isa = PBXBuildFile; fileRef = 59544E101DA8A77900BDA118 /* CrossButton.m */; };
		59544E171DA8A78100BDA118 /* InstagramData.m in Sources */ = {isa = PBXBuildFile; fileRef = 59544E141DA8A78100BDA118 /* InstagramData.m */; };
		59544E181DA8A78100BDA118 /* ParallaxCollectionViewCell.m in Sources */ = {isa = PBXBuildFile; fileRef = 59544E161DA8A78100BDA118 /* ParallaxCollectionViewCell.m */; };
		59544E1F1DA8A79000BDA118 /* InstagramDetailViewController.m in Sources */ = {isa = PBXBuildFile; fileRef = 59544E1A1DA8A79000BDA118 /* InstagramDetailViewController.m */; };
		59544E201DA8A79000BDA118 /* InstagramRootViewController.m in Sources */ = {isa = PBXBuildFile; fileRef = 59544E1C1DA8A79000BDA118 /* InstagramRootViewController.m */; };
		59544E241DA8A7A600BDA118 /* RoundedLabel.m in Sources */ = {isa = PBXBuildFile; fileRef = 59544E231DA8A7A600BDA118 /* RoundedLabel.m */; };
		59544E261DA8A81A00BDA118 /* InstagramV2ViewController.m in Sources */ = {isa = PBXBuildFile; fileRef = 59544E251DA8A81A00BDA118 /* InstagramV2ViewController.m */; };
		59544E2B1DA9133C00BDA118 /* DADataManager.m in Sources */ = {isa = PBXBuildFile; fileRef = 59544E2A1DA9133C00BDA118 /* DADataManager.m */; };
		62AC6DCAA199CFB35FD50E25 /* libPods-TechTatva '16.a in Frameworks */ = {isa = PBXBuildFile; fileRef = 0D0BA0276B019047FFBAD5AD /* libPods-TechTatva '16.a */; };
		D607A28D1D9FD10600CC01E2 /* AllEventsViewController.m in Sources */ = {isa = PBXBuildFile; fileRef = D607A28C1D9FD10600CC01E2 /* AllEventsViewController.m */; };
		D60BB7B41D70C0120083D0C9 /* EventsTableViewCell.m in Sources */ = {isa = PBXBuildFile; fileRef = D60BB7B21D70C0120083D0C9 /* EventsTableViewCell.m */; };
		D60BB7B51D70C0120083D0C9 /* EventsTableViewCell.xib in Resources */ = {isa = PBXBuildFile; fileRef = D60BB7B31D70C0120083D0C9 /* EventsTableViewCell.xib */; };
		D60BB7BB1D70C3A40083D0C9 /* Calendar-50.png in Resources */ = {isa = PBXBuildFile; fileRef = D60BB7B61D70C3A40083D0C9 /* Calendar-50.png */; };
		D60BB7BC1D70C3A40083D0C9 /* location.png in Resources */ = {isa = PBXBuildFile; fileRef = D60BB7B71D70C3A40083D0C9 /* location.png */; };
		D60BB7BD1D70C3A40083D0C9 /* Phone Filled-50.png in Resources */ = {isa = PBXBuildFile; fileRef = D60BB7B81D70C3A40083D0C9 /* Phone Filled-50.png */; };
		D60BB7BE1D70C3A40083D0C9 /* Time Filled-50.png in Resources */ = {isa = PBXBuildFile; fileRef = D60BB7B91D70C3A40083D0C9 /* Time Filled-50.png */; };
		D60BB7BF1D70C3A40083D0C9 /* User Group Man Man-50.png in Resources */ = {isa = PBXBuildFile; fileRef = D60BB7BA1D70C3A40083D0C9 /* User Group Man Man-50.png */; };
		D60BB7C51D72EF290083D0C9 /* Events@2x.png in Resources */ = {isa = PBXBuildFile; fileRef = D60BB7C11D72EF290083D0C9 /* Events@2x.png */; };
		D60BB7C61D72EF290083D0C9 /* Instagram@2x.png in Resources */ = {isa = PBXBuildFile; fileRef = D60BB7C21D72EF290083D0C9 /* Instagram@2x.png */; };
		D60BB7C71D72EF290083D0C9 /* Results@2x.png in Resources */ = {isa = PBXBuildFile; fileRef = D60BB7C31D72EF290083D0C9 /* Results@2x.png */; };
		D60BB7C91D72F08B0083D0C9 /* Category@2x.png in Resources */ = {isa = PBXBuildFile; fileRef = D60BB7C81D72F08B0083D0C9 /* Category@2x.png */; };
		D6247BF61D7B0C58007F7FF1 /* AboutUsTableViewController.m in Sources */ = {isa = PBXBuildFile; fileRef = D6247BF51D7B0C58007F7FF1 /* AboutUsTableViewController.m */; };
		D6247BF81D7B0E74007F7FF1 /* fb@2x.png in Resources */ = {isa = PBXBuildFile; fileRef = D6247BF71D7B0E74007F7FF1 /* fb@2x.png */; };
		D6247BFC1D7B100C007F7FF1 /* google+@2x.png in Resources */ = {isa = PBXBuildFile; fileRef = D6247BF91D7B100C007F7FF1 /* google+@2x.png */; };
		D6247BFE1D7B100C007F7FF1 /* twitter@2x.png in Resources */ = {isa = PBXBuildFile; fileRef = D6247BFB1D7B100C007F7FF1 /* twitter@2x.png */; };
		D6247C021D7B145F007F7FF1 /* youtube.png in Resources */ = {isa = PBXBuildFile; fileRef = D6247C011D7B145F007F7FF1 /* youtube.png */; };
		D640BF531D4FD5B4006BA67C /* EventsDetailsJSONModel.m in Sources */ = {isa = PBXBuildFile; fileRef = D640BF521D4FD5B4006BA67C /* EventsDetailsJSONModel.m */; };
		D66BE63D1DA12FFE005B2B39 /* FilledFavourites.png in Resources */ = {isa = PBXBuildFile; fileRef = D66BE63B1DA12FFE005B2B39 /* FilledFavourites.png */; };
		D66BE63E1DA12FFE005B2B39 /* Favourites.png in Resources */ = {isa = PBXBuildFile; fileRef = D66BE63C1DA12FFE005B2B39 /* Favourites.png */; };
		D66BE6401DA1315C005B2B39 /* Calendar Filled-50.png in Resources */ = {isa = PBXBuildFile; fileRef = D66BE63F1DA1315C005B2B39 /* Calendar Filled-50.png */; };
		D68F16E31D9D1707007182C7 /* CategoriesJSONModel.m in Sources */ = {isa = PBXBuildFile; fileRef = D68F16E21D9D1707007182C7 /* CategoriesJSONModel.m */; };
		D69A1A8D1D996021001F9E7F /* ScheduleJsonDataModel.m in Sources */ = {isa = PBXBuildFile; fileRef = D69A1A8C1D996021001F9E7F /* ScheduleJsonDataModel.m */; };
		D6A2B8CA1D847415008DE478 /* AllEventsTableViewCell.m in Sources */ = {isa = PBXBuildFile; fileRef = D6A2B8C81D847415008DE478 /* AllEventsTableViewCell.m */; };
		D6A2B8CB1D847415008DE478 /* AllEventsTableViewCell.xib in Resources */ = {isa = PBXBuildFile; fileRef = D6A2B8C91D847415008DE478 /* AllEventsTableViewCell.xib */; };
		D6C0853D1D7EBCEE00FBD1BC /* FeedbackTableViewController.m in Sources */ = {isa = PBXBuildFile; fileRef = D6C0853C1D7EBCEE00FBD1BC /* FeedbackTableViewController.m */; };
		D6C5949E1D1831E9006F19D0 /* likepic.png in Resources */ = {isa = PBXBuildFile; fileRef = D6C5949B1D1831E9006F19D0 /* likepic.png */; };
		D6C5949F1D1831E9006F19D0 /* techtatvalogo.jpg in Resources */ = {isa = PBXBuildFile; fileRef = D6C5949C1D1831E9006F19D0 /* techtatvalogo.jpg */; };
		D6C594A01D1831E9006F19D0 /* Comment.png in Resources */ = {isa = PBXBuildFile; fileRef = D6C5949D1D1831E9006F19D0 /* Comment.png */; };
		D6C6B3CD1D99891D003C52A7 /* ResultsJsonDataModel.m in Sources */ = {isa = PBXBuildFile; fileRef = D6C6B3CC1D99891D003C52A7 /* ResultsJsonDataModel.m */; };
		D6D061261D782D8B00D9267E /* OnlineEventsViewController.m in Sources */ = {isa = PBXBuildFile; fileRef = D6D061251D782D8B00D9267E /* OnlineEventsViewController.m */; };
		D6DC67231D848AFB00D75A5B /* filledstar.png in Resources */ = {isa = PBXBuildFile; fileRef = D6DC67211D848AFB00D75A5B /* filledstar.png */; };
		D6DC67241D848AFB00D75A5B /* star.png in Resources */ = {isa = PBXBuildFile; fileRef = D6DC67221D848AFB00D75A5B /* star.png */; };
		D6E6326D1D7AC21B00E71851 /* RegistrationPageViewController.m in Sources */ = {isa = PBXBuildFile; fileRef = D6E6326C1D7AC21B00E71851 /* RegistrationPageViewController.m */; };
/* End PBXBuildFile section */

/* Begin PBXContainerItemProxy section */
		188F51EE1D0F08ED0083169D /* PBXContainerItemProxy */ = {
			isa = PBXContainerItemProxy;
			containerPortal = 188F51CC1D0F08ED0083169D /* Project object */;
			proxyType = 1;
			remoteGlobalIDString = 188F51D31D0F08ED0083169D;
			remoteInfo = "TechTatva '16";
		};
		188F51F91D0F08ED0083169D /* PBXContainerItemProxy */ = {
			isa = PBXContainerItemProxy;
			containerPortal = 188F51CC1D0F08ED0083169D /* Project object */;
			proxyType = 1;
			remoteGlobalIDString = 188F51D31D0F08ED0083169D;
			remoteInfo = "TechTatva '16";
		};
/* End PBXContainerItemProxy section */

/* Begin PBXFileReference section */
		0D0BA0276B019047FFBAD5AD /* libPods-TechTatva '16.a */ = {isa = PBXFileReference; explicitFileType = archive.ar; includeInIndex = 0; path = "libPods-TechTatva '16.a"; sourceTree = BUILT_PRODUCTS_DIR; };
		155EB34EA3610CCE0A58E7CF /* libPods-TechTatva '16Tests.a */ = {isa = PBXFileReference; explicitFileType = archive.ar; includeInIndex = 0; path = "libPods-TechTatva '16Tests.a"; sourceTree = BUILT_PRODUCTS_DIR; };
		181290C01D92C06200E5B740 /* Reachability.h */ = {isa = PBXFileReference; fileEncoding = 4; lastKnownFileType = sourcecode.c.h; path = Reachability.h; sourceTree = "<group>"; };
		181290C11D92C06200E5B740 /* Reachability.m */ = {isa = PBXFileReference; fileEncoding = 4; lastKnownFileType = sourcecode.c.objc; path = Reachability.m; sourceTree = "<group>"; };
		1827822D1DA8C5A600BD8C34 /* launchvideo.mp4 */ = {isa = PBXFileReference; lastKnownFileType = file; path = launchvideo.mp4; sourceTree = "<group>"; };
		1827822F1DA8C5CB00BD8C34 /* SplashViewController.h */ = {isa = PBXFileReference; fileEncoding = 4; lastKnownFileType = sourcecode.c.h; path = SplashViewController.h; sourceTree = "<group>"; };
		182782301DA8C5CB00BD8C34 /* SplashViewController.m */ = {isa = PBXFileReference; fileEncoding = 4; lastKnownFileType = sourcecode.c.objc; path = SplashViewController.m; sourceTree = "<group>"; };
		182782331DA8C7A000BD8C34 /* AVFoundation.framework */ = {isa = PBXFileReference; lastKnownFileType = wrapper.framework; name = AVFoundation.framework; path = System/Library/Frameworks/AVFoundation.framework; sourceTree = SDKROOT; };
		182782351DA8C7A500BD8C34 /* CoreGraphics.framework */ = {isa = PBXFileReference; lastKnownFileType = wrapper.framework; name = CoreGraphics.framework; path = System/Library/Frameworks/CoreGraphics.framework; sourceTree = SDKROOT; };
		182782371DA8C7AA00BD8C34 /* AudioToolbox.framework */ = {isa = PBXFileReference; lastKnownFileType = wrapper.framework; name = AudioToolbox.framework; path = System/Library/Frameworks/AudioToolbox.framework; sourceTree = SDKROOT; };
		182782391DA8FA9F00BD8C34 /* GoogleService-Info.plist */ = {isa = PBXFileReference; fileEncoding = 4; lastKnownFileType = text.plist.xml; path = "GoogleService-Info.plist"; sourceTree = "<group>"; };
		1828D8191D7476B000E0454F /* CategoriesTableViewCell.h */ = {isa = PBXFileReference; fileEncoding = 4; lastKnownFileType = sourcecode.c.h; path = CategoriesTableViewCell.h; sourceTree = "<group>"; };
		1828D81A1D7476B000E0454F /* CategoriesTableViewCell.m */ = {isa = PBXFileReference; fileEncoding = 4; lastKnownFileType = sourcecode.c.objc; path = CategoriesTableViewCell.m; sourceTree = "<group>"; };
		1828D81B1D7476B000E0454F /* CategoriesTableViewCell.xib */ = {isa = PBXFileReference; fileEncoding = 4; lastKnownFileType = file.xib; path = CategoriesTableViewCell.xib; sourceTree = "<group>"; };
		184A2AEA1DA5C51100D589DE /* Snapchat-100.png */ = {isa = PBXFileReference; lastKnownFileType = image.png; path = "Snapchat-100.png"; sourceTree = "<group>"; };
		18541FDF1D6DD9370046EAD0 /* Favourites.xcdatamodel */ = {isa = PBXFileReference; lastKnownFileType = wrapper.xcdatamodel; path = Favourites.xcdatamodel; sourceTree = "<group>"; };
		18749BBE1D13F17600858B85 /* MoreTableViewController.h */ = {isa = PBXFileReference; fileEncoding = 4; lastKnownFileType = sourcecode.c.h; path = MoreTableViewController.h; sourceTree = "<group>"; };
		18749BBF1D13F17600858B85 /* MoreTableViewController.m */ = {isa = PBXFileReference; fileEncoding = 4; lastKnownFileType = sourcecode.c.objc; path = MoreTableViewController.m; sourceTree = "<group>"; };
		18749BC61D13F8FC00858B85 /* thumb_IMG_7632_1024.jpg */ = {isa = PBXFileReference; lastKnownFileType = image.jpeg; path = thumb_IMG_7632_1024.jpg; sourceTree = "<group>"; };
		18749BC81D14094700858B85 /* ResultsTableViewController.h */ = {isa = PBXFileReference; fileEncoding = 4; lastKnownFileType = sourcecode.c.h; path = ResultsTableViewController.h; sourceTree = "<group>"; };
		18749BC91D14094700858B85 /* ResultsTableViewController.m */ = {isa = PBXFileReference; fileEncoding = 4; lastKnownFileType = sourcecode.c.objc; path = ResultsTableViewController.m; sourceTree = "<group>"; };
		18749BCB1D140AC600858B85 /* ResultsTableViewCell.h */ = {isa = PBXFileReference; fileEncoding = 4; lastKnownFileType = sourcecode.c.h; path = ResultsTableViewCell.h; sourceTree = "<group>"; };
		18749BCC1D140AC600858B85 /* ResultsTableViewCell.m */ = {isa = PBXFileReference; fileEncoding = 4; lastKnownFileType = sourcecode.c.objc; path = ResultsTableViewCell.m; sourceTree = "<group>"; };
		18749BCD1D140AC600858B85 /* ResultsTableViewCell.xib */ = {isa = PBXFileReference; fileEncoding = 4; lastKnownFileType = file.xib; path = ResultsTableViewCell.xib; sourceTree = "<group>"; };
		1881A2081D0FCD8000192BD1 /* CategoriesTableViewController.h */ = {isa = PBXFileReference; fileEncoding = 4; lastKnownFileType = sourcecode.c.h; name = CategoriesTableViewController.h; path = ../CategoriesTableViewController.h; sourceTree = "<group>"; };
		1881A2091D0FCD8000192BD1 /* CategoriesTableViewController.m */ = {isa = PBXFileReference; fileEncoding = 4; lastKnownFileType = sourcecode.c.objc; name = CategoriesTableViewController.m; path = ../CategoriesTableViewController.m; sourceTree = "<group>"; };
		1881A2131D13085800192BD1 /* EventsViewController.h */ = {isa = PBXFileReference; fileEncoding = 4; lastKnownFileType = sourcecode.c.h; path = EventsViewController.h; sourceTree = "<group>"; };
		1881A2141D13085800192BD1 /* EventsViewController.m */ = {isa = PBXFileReference; fileEncoding = 4; lastKnownFileType = sourcecode.c.objc; path = EventsViewController.m; sourceTree = "<group>"; };
		188F51D41D0F08ED0083169D /* TechTatva '16.app */ = {isa = PBXFileReference; explicitFileType = wrapper.application; includeInIndex = 0; path = "TechTatva '16.app"; sourceTree = BUILT_PRODUCTS_DIR; };
		188F51D81D0F08ED0083169D /* main.m */ = {isa = PBXFileReference; lastKnownFileType = sourcecode.c.objc; path = main.m; sourceTree = "<group>"; };
		188F51DA1D0F08ED0083169D /* AppDelegate.h */ = {isa = PBXFileReference; lastKnownFileType = sourcecode.c.h; path = AppDelegate.h; sourceTree = "<group>"; };
		188F51DB1D0F08ED0083169D /* AppDelegate.m */ = {isa = PBXFileReference; lastKnownFileType = sourcecode.c.objc; path = AppDelegate.m; sourceTree = "<group>"; };
		188F51E11D0F08ED0083169D /* Base */ = {isa = PBXFileReference; lastKnownFileType = file.storyboard; name = Base; path = Base.lproj/Main.storyboard; sourceTree = "<group>"; };
		188F51E31D0F08ED0083169D /* Assets.xcassets */ = {isa = PBXFileReference; lastKnownFileType = folder.assetcatalog; path = Assets.xcassets; sourceTree = "<group>"; };
		188F51E61D0F08ED0083169D /* Base */ = {isa = PBXFileReference; lastKnownFileType = file.storyboard; name = Base; path = Base.lproj/LaunchScreen.storyboard; sourceTree = "<group>"; };
		188F51E81D0F08ED0083169D /* Info.plist */ = {isa = PBXFileReference; lastKnownFileType = text.plist.xml; path = Info.plist; sourceTree = "<group>"; };
		188F51ED1D0F08ED0083169D /* TechTatva '16Tests.xctest */ = {isa = PBXFileReference; explicitFileType = wrapper.cfbundle; includeInIndex = 0; path = "TechTatva '16Tests.xctest"; sourceTree = BUILT_PRODUCTS_DIR; };
		188F51F11D0F08ED0083169D /* TechTatva__16Tests.m */ = {isa = PBXFileReference; lastKnownFileType = sourcecode.c.objc; path = TechTatva__16Tests.m; sourceTree = "<group>"; };
		188F51F31D0F08ED0083169D /* Info.plist */ = {isa = PBXFileReference; lastKnownFileType = text.plist.xml; path = Info.plist; sourceTree = "<group>"; };
		188F51F81D0F08ED0083169D /* TechTatva '16UITests.xctest */ = {isa = PBXFileReference; explicitFileType = wrapper.cfbundle; includeInIndex = 0; path = "TechTatva '16UITests.xctest"; sourceTree = BUILT_PRODUCTS_DIR; };
		188F51FC1D0F08ED0083169D /* TechTatva__16UITests.m */ = {isa = PBXFileReference; lastKnownFileType = sourcecode.c.objc; path = TechTatva__16UITests.m; sourceTree = "<group>"; };
		188F51FE1D0F08ED0083169D /* Info.plist */ = {isa = PBXFileReference; lastKnownFileType = text.plist.xml; path = Info.plist; sourceTree = "<group>"; };
		18C3F2141D931513007F33DB /* PrefixHeader.pch */ = {isa = PBXFileReference; lastKnownFileType = sourcecode.c.h; path = PrefixHeader.pch; sourceTree = "<group>"; };
		18CE6C3949F060D61B5D3837 /* Pods-TechTatva '16.release.xcconfig */ = {isa = PBXFileReference; includeInIndex = 1; lastKnownFileType = text.xcconfig; name = "Pods-TechTatva '16.release.xcconfig"; path = "Pods/Target Support Files/Pods-TechTatva '16/Pods-TechTatva '16.release.xcconfig"; sourceTree = "<group>"; };
		18FFC4AB1DA88164000CD00E /* FavouritesTableViewController.h */ = {isa = PBXFileReference; fileEncoding = 4; lastKnownFileType = sourcecode.c.h; path = FavouritesTableViewController.h; sourceTree = "<group>"; };
		18FFC4AC1DA88164000CD00E /* FavouritesTableViewController.m */ = {isa = PBXFileReference; fileEncoding = 4; lastKnownFileType = sourcecode.c.objc; path = FavouritesTableViewController.m; sourceTree = "<group>"; };
		18FFC4AF1DA8858F000CD00E /* DevelopersViewController.h */ = {isa = PBXFileReference; fileEncoding = 4; lastKnownFileType = sourcecode.c.h; path = DevelopersViewController.h; sourceTree = "<group>"; };
		18FFC4B01DA8858F000CD00E /* DevelopersViewController.m */ = {isa = PBXFileReference; fileEncoding = 4; lastKnownFileType = sourcecode.c.objc; path = DevelopersViewController.m; sourceTree = "<group>"; };
		18FFC4B31DA886A4000CD00E /* Favourite+CoreDataClass.h */ = {isa = PBXFileReference; fileEncoding = 4; lastKnownFileType = sourcecode.c.h; path = "Favourite+CoreDataClass.h"; sourceTree = "<group>"; };
		18FFC4B41DA886A4000CD00E /* Favourite+CoreDataClass.m */ = {isa = PBXFileReference; fileEncoding = 4; lastKnownFileType = sourcecode.c.objc; path = "Favourite+CoreDataClass.m"; sourceTree = "<group>"; };
		18FFC4B51DA886A4000CD00E /* Favourite+CoreDataProperties.h */ = {isa = PBXFileReference; fileEncoding = 4; lastKnownFileType = sourcecode.c.h; path = "Favourite+CoreDataProperties.h"; sourceTree = "<group>"; };
		18FFC4B61DA886A4000CD00E /* Favourite+CoreDataProperties.m */ = {isa = PBXFileReference; fileEncoding = 4; lastKnownFileType = sourcecode.c.objc; path = "Favourite+CoreDataProperties.m"; sourceTree = "<group>"; };
		18FFC4B91DA88BB7000CD00E /* TrendingTableViewController.h */ = {isa = PBXFileReference; fileEncoding = 4; lastKnownFileType = sourcecode.c.h; path = TrendingTableViewController.h; sourceTree = "<group>"; };
		18FFC4BA1DA88BB7000CD00E /* TrendingTableViewController.m */ = {isa = PBXFileReference; fileEncoding = 4; lastKnownFileType = sourcecode.c.objc; path = TrendingTableViewController.m; sourceTree = "<group>"; };
		18FFC4BD1DA89610000CD00E /* UITableView+Animations.h */ = {isa = PBXFileReference; fileEncoding = 4; lastKnownFileType = sourcecode.c.h; path = "UITableView+Animations.h"; sourceTree = "<group>"; };
		18FFC4BE1DA89610000CD00E /* UITableView+Animations.m */ = {isa = PBXFileReference; fileEncoding = 4; lastKnownFileType = sourcecode.c.objc; path = "UITableView+Animations.m"; sourceTree = "<group>"; };
		18FFC4C11DA89646000CD00E /* DevViewCell.xib */ = {isa = PBXFileReference; fileEncoding = 4; lastKnownFileType = file.xib; path = DevViewCell.xib; sourceTree = "<group>"; };
		18FFC4C21DA89646000CD00E /* DevViewTableViewCell.h */ = {isa = PBXFileReference; fileEncoding = 4; lastKnownFileType = sourcecode.c.h; path = DevViewTableViewCell.h; sourceTree = "<group>"; };
		18FFC4C31DA89646000CD00E /* DevViewTableViewCell.m */ = {isa = PBXFileReference; fileEncoding = 4; lastKnownFileType = sourcecode.c.objc; path = DevViewTableViewCell.m; sourceTree = "<group>"; };
		1E39DD336457E8A5B4AD9BEC /* Pods-TechTatva '16UITests.debug.xcconfig */ = {isa = PBXFileReference; includeInIndex = 1; lastKnownFileType = text.xcconfig; name = "Pods-TechTatva '16UITests.debug.xcconfig"; path = "Pods/Target Support Files/Pods-TechTatva '16UITests/Pods-TechTatva '16UITests.debug.xcconfig"; sourceTree = "<group>"; };
		59544E071DA8A76F00BDA118 /* UIImage+ImageEffects.h */ = {isa = PBXFileReference; fileEncoding = 4; lastKnownFileType = sourcecode.c.h; path = "UIImage+ImageEffects.h"; sourceTree = "<group>"; };
		59544E081DA8A76F00BDA118 /* UIImage+ImageEffects.m */ = {isa = PBXFileReference; fileEncoding = 4; lastKnownFileType = sourcecode.c.objc; path = "UIImage+ImageEffects.m"; sourceTree = "<group>"; };
		59544E0B1DA8A77400BDA118 /* ASMutableURLRequest.h */ = {isa = PBXFileReference; fileEncoding = 4; lastKnownFileType = sourcecode.c.h; path = ASMutableURLRequest.h; sourceTree = "<group>"; };
		59544E0C1DA8A77400BDA118 /* ASMutableURLRequest.m */ = {isa = PBXFileReference; fileEncoding = 4; lastKnownFileType = sourcecode.c.objc; path = ASMutableURLRequest.m; sourceTree = "<group>"; };
		59544E0F1DA8A77900BDA118 /* CrossButton.h */ = {isa = PBXFileReference; fileEncoding = 4; lastKnownFileType = sourcecode.c.h; path = CrossButton.h; sourceTree = "<group>"; };
		59544E101DA8A77900BDA118 /* CrossButton.m */ = {isa = PBXFileReference; fileEncoding = 4; lastKnownFileType = sourcecode.c.objc; path = CrossButton.m; sourceTree = "<group>"; };
		59544E131DA8A78100BDA118 /* InstagramData.h */ = {isa = PBXFileReference; fileEncoding = 4; lastKnownFileType = sourcecode.c.h; path = InstagramData.h; sourceTree = "<group>"; };
		59544E141DA8A78100BDA118 /* InstagramData.m */ = {isa = PBXFileReference; fileEncoding = 4; lastKnownFileType = sourcecode.c.objc; path = InstagramData.m; sourceTree = "<group>"; };
		59544E151DA8A78100BDA118 /* ParallaxCollectionViewCell.h */ = {isa = PBXFileReference; fileEncoding = 4; lastKnownFileType = sourcecode.c.h; path = ParallaxCollectionViewCell.h; sourceTree = "<group>"; };
		59544E161DA8A78100BDA118 /* ParallaxCollectionViewCell.m */ = {isa = PBXFileReference; fileEncoding = 4; lastKnownFileType = sourcecode.c.objc; path = ParallaxCollectionViewCell.m; sourceTree = "<group>"; };
		59544E191DA8A79000BDA118 /* InstagramDetailViewController.h */ = {isa = PBXFileReference; fileEncoding = 4; lastKnownFileType = sourcecode.c.h; name = InstagramDetailViewController.h; path = "UIImage+ImageEffects/InstagramDetailViewController.h"; sourceTree = "<group>"; };
		59544E1A1DA8A79000BDA118 /* InstagramDetailViewController.m */ = {isa = PBXFileReference; fileEncoding = 4; lastKnownFileType = sourcecode.c.objc; name = InstagramDetailViewController.m; path = "UIImage+ImageEffects/InstagramDetailViewController.m"; sourceTree = "<group>"; };
		59544E1B1DA8A79000BDA118 /* InstagramRootViewController.h */ = {isa = PBXFileReference; fileEncoding = 4; lastKnownFileType = sourcecode.c.h; name = InstagramRootViewController.h; path = "UIImage+ImageEffects/InstagramRootViewController.h"; sourceTree = "<group>"; };
		59544E1C1DA8A79000BDA118 /* InstagramRootViewController.m */ = {isa = PBXFileReference; fileEncoding = 4; lastKnownFileType = sourcecode.c.objc; name = InstagramRootViewController.m; path = "UIImage+ImageEffects/InstagramRootViewController.m"; sourceTree = "<group>"; };
		59544E1E1DA8A79000BDA118 /* InstagramV2ViewController.h */ = {isa = PBXFileReference; fileEncoding = 4; lastKnownFileType = sourcecode.c.h; name = InstagramV2ViewController.h; path = "UIImage+ImageEffects/InstagramV2ViewController.h"; sourceTree = "<group>"; };
		59544E221DA8A7A600BDA118 /* RoundedLabel.h */ = {isa = PBXFileReference; fileEncoding = 4; lastKnownFileType = sourcecode.c.h; path = RoundedLabel.h; sourceTree = "<group>"; };
		59544E231DA8A7A600BDA118 /* RoundedLabel.m */ = {isa = PBXFileReference; fileEncoding = 4; lastKnownFileType = sourcecode.c.objc; path = RoundedLabel.m; sourceTree = "<group>"; };
		59544E251DA8A81A00BDA118 /* InstagramV2ViewController.m */ = {isa = PBXFileReference; fileEncoding = 4; lastKnownFileType = sourcecode.c.objc; path = InstagramV2ViewController.m; sourceTree = "<group>"; };
		59544E291DA9133C00BDA118 /* DADataManager.h */ = {isa = PBXFileReference; fileEncoding = 4; lastKnownFileType = sourcecode.c.h; path = DADataManager.h; sourceTree = "<group>"; };
		59544E2A1DA9133C00BDA118 /* DADataManager.m */ = {isa = PBXFileReference; fileEncoding = 4; lastKnownFileType = sourcecode.c.objc; path = DADataManager.m; sourceTree = "<group>"; };
		9309D4D26842A1C03AFD9384 /* Pods-TechTatva '16UITests.release.xcconfig */ = {isa = PBXFileReference; includeInIndex = 1; lastKnownFileType = text.xcconfig; name = "Pods-TechTatva '16UITests.release.xcconfig"; path = "Pods/Target Support Files/Pods-TechTatva '16UITests/Pods-TechTatva '16UITests.release.xcconfig"; sourceTree = "<group>"; };
		A3FE22D2C8719D49855D143B /* libPods-TechTatva '16UITests.a */ = {isa = PBXFileReference; explicitFileType = archive.ar; includeInIndex = 0; path = "libPods-TechTatva '16UITests.a"; sourceTree = BUILT_PRODUCTS_DIR; };
		D5FF03F99F3281ADAB68B8C5 /* Pods-TechTatva '16Tests.release.xcconfig */ = {isa = PBXFileReference; includeInIndex = 1; lastKnownFileType = text.xcconfig; name = "Pods-TechTatva '16Tests.release.xcconfig"; path = "Pods/Target Support Files/Pods-TechTatva '16Tests/Pods-TechTatva '16Tests.release.xcconfig"; sourceTree = "<group>"; };
		D607A28B1D9FD10600CC01E2 /* AllEventsViewController.h */ = {isa = PBXFileReference; fileEncoding = 4; lastKnownFileType = sourcecode.c.h; path = AllEventsViewController.h; sourceTree = "<group>"; };
		D607A28C1D9FD10600CC01E2 /* AllEventsViewController.m */ = {isa = PBXFileReference; fileEncoding = 4; lastKnownFileType = sourcecode.c.objc; path = AllEventsViewController.m; sourceTree = "<group>"; };
		D60BB7B11D70C0120083D0C9 /* EventsTableViewCell.h */ = {isa = PBXFileReference; fileEncoding = 4; lastKnownFileType = sourcecode.c.h; path = EventsTableViewCell.h; sourceTree = "<group>"; };
		D60BB7B21D70C0120083D0C9 /* EventsTableViewCell.m */ = {isa = PBXFileReference; fileEncoding = 4; lastKnownFileType = sourcecode.c.objc; path = EventsTableViewCell.m; sourceTree = "<group>"; };
		D60BB7B31D70C0120083D0C9 /* EventsTableViewCell.xib */ = {isa = PBXFileReference; fileEncoding = 4; lastKnownFileType = file.xib; path = EventsTableViewCell.xib; sourceTree = "<group>"; };
		D60BB7B61D70C3A40083D0C9 /* Calendar-50.png */ = {isa = PBXFileReference; lastKnownFileType = image.png; path = "Calendar-50.png"; sourceTree = "<group>"; };
		D60BB7B71D70C3A40083D0C9 /* location.png */ = {isa = PBXFileReference; lastKnownFileType = image.png; path = location.png; sourceTree = "<group>"; };
		D60BB7B81D70C3A40083D0C9 /* Phone Filled-50.png */ = {isa = PBXFileReference; lastKnownFileType = image.png; path = "Phone Filled-50.png"; sourceTree = "<group>"; };
		D60BB7B91D70C3A40083D0C9 /* Time Filled-50.png */ = {isa = PBXFileReference; lastKnownFileType = image.png; path = "Time Filled-50.png"; sourceTree = "<group>"; };
		D60BB7BA1D70C3A40083D0C9 /* User Group Man Man-50.png */ = {isa = PBXFileReference; lastKnownFileType = image.png; path = "User Group Man Man-50.png"; sourceTree = "<group>"; };
		D60BB7C11D72EF290083D0C9 /* Events@2x.png */ = {isa = PBXFileReference; lastKnownFileType = image.png; path = "Events@2x.png"; sourceTree = "<group>"; };
		D60BB7C21D72EF290083D0C9 /* Instagram@2x.png */ = {isa = PBXFileReference; lastKnownFileType = image.png; path = "Instagram@2x.png"; sourceTree = "<group>"; };
		D60BB7C31D72EF290083D0C9 /* Results@2x.png */ = {isa = PBXFileReference; lastKnownFileType = image.png; path = "Results@2x.png"; sourceTree = "<group>"; };
		D60BB7C81D72F08B0083D0C9 /* Category@2x.png */ = {isa = PBXFileReference; lastKnownFileType = image.png; path = "Category@2x.png"; sourceTree = "<group>"; };
		D6247BF41D7B0C58007F7FF1 /* AboutUsTableViewController.h */ = {isa = PBXFileReference; fileEncoding = 4; lastKnownFileType = sourcecode.c.h; name = AboutUsTableViewController.h; path = ../AboutUsTableViewController.h; sourceTree = "<group>"; };
		D6247BF51D7B0C58007F7FF1 /* AboutUsTableViewController.m */ = {isa = PBXFileReference; fileEncoding = 4; lastKnownFileType = sourcecode.c.objc; name = AboutUsTableViewController.m; path = ../AboutUsTableViewController.m; sourceTree = "<group>"; };
		D6247BF71D7B0E74007F7FF1 /* fb@2x.png */ = {isa = PBXFileReference; lastKnownFileType = image.png; path = "fb@2x.png"; sourceTree = "<group>"; };
		D6247BF91D7B100C007F7FF1 /* google+@2x.png */ = {isa = PBXFileReference; lastKnownFileType = image.png; path = "google+@2x.png"; sourceTree = "<group>"; };
		D6247BFB1D7B100C007F7FF1 /* twitter@2x.png */ = {isa = PBXFileReference; lastKnownFileType = image.png; path = "twitter@2x.png"; sourceTree = "<group>"; };
		D6247C011D7B145F007F7FF1 /* youtube.png */ = {isa = PBXFileReference; lastKnownFileType = image.png; path = youtube.png; sourceTree = "<group>"; };
		D640BF511D4FD5B4006BA67C /* EventsDetailsJSONModel.h */ = {isa = PBXFileReference; fileEncoding = 4; lastKnownFileType = sourcecode.c.h; path = EventsDetailsJSONModel.h; sourceTree = "<group>"; };
		D640BF521D4FD5B4006BA67C /* EventsDetailsJSONModel.m */ = {isa = PBXFileReference; fileEncoding = 4; lastKnownFileType = sourcecode.c.objc; path = EventsDetailsJSONModel.m; sourceTree = "<group>"; };
		D66BE63B1DA12FFE005B2B39 /* FilledFavourites.png */ = {isa = PBXFileReference; lastKnownFileType = image.png; path = FilledFavourites.png; sourceTree = "<group>"; };
		D66BE63C1DA12FFE005B2B39 /* Favourites.png */ = {isa = PBXFileReference; lastKnownFileType = image.png; path = Favourites.png; sourceTree = "<group>"; };
		D66BE63F1DA1315C005B2B39 /* Calendar Filled-50.png */ = {isa = PBXFileReference; lastKnownFileType = image.png; path = "Calendar Filled-50.png"; sourceTree = "<group>"; };
		D68F16E11D9D1707007182C7 /* CategoriesJSONModel.h */ = {isa = PBXFileReference; fileEncoding = 4; lastKnownFileType = sourcecode.c.h; path = CategoriesJSONModel.h; sourceTree = "<group>"; };
		D68F16E21D9D1707007182C7 /* CategoriesJSONModel.m */ = {isa = PBXFileReference; fileEncoding = 4; lastKnownFileType = sourcecode.c.objc; path = CategoriesJSONModel.m; sourceTree = "<group>"; };
		D69A1A8B1D996021001F9E7F /* ScheduleJsonDataModel.h */ = {isa = PBXFileReference; fileEncoding = 4; lastKnownFileType = sourcecode.c.h; path = ScheduleJsonDataModel.h; sourceTree = "<group>"; };
		D69A1A8C1D996021001F9E7F /* ScheduleJsonDataModel.m */ = {isa = PBXFileReference; fileEncoding = 4; lastKnownFileType = sourcecode.c.objc; path = ScheduleJsonDataModel.m; sourceTree = "<group>"; };
		D6A2B8C71D847415008DE478 /* AllEventsTableViewCell.h */ = {isa = PBXFileReference; fileEncoding = 4; lastKnownFileType = sourcecode.c.h; path = AllEventsTableViewCell.h; sourceTree = "<group>"; };
		D6A2B8C81D847415008DE478 /* AllEventsTableViewCell.m */ = {isa = PBXFileReference; fileEncoding = 4; lastKnownFileType = sourcecode.c.objc; path = AllEventsTableViewCell.m; sourceTree = "<group>"; };
		D6A2B8C91D847415008DE478 /* AllEventsTableViewCell.xib */ = {isa = PBXFileReference; fileEncoding = 4; lastKnownFileType = file.xib; path = AllEventsTableViewCell.xib; sourceTree = "<group>"; };
		D6C0853B1D7EBCEE00FBD1BC /* FeedbackTableViewController.h */ = {isa = PBXFileReference; fileEncoding = 4; lastKnownFileType = sourcecode.c.h; path = FeedbackTableViewController.h; sourceTree = "<group>"; };
		D6C0853C1D7EBCEE00FBD1BC /* FeedbackTableViewController.m */ = {isa = PBXFileReference; fileEncoding = 4; lastKnownFileType = sourcecode.c.objc; path = FeedbackTableViewController.m; sourceTree = "<group>"; };
		D6C5949B1D1831E9006F19D0 /* likepic.png */ = {isa = PBXFileReference; lastKnownFileType = image.png; path = likepic.png; sourceTree = "<group>"; };
		D6C5949C1D1831E9006F19D0 /* techtatvalogo.jpg */ = {isa = PBXFileReference; lastKnownFileType = image.jpeg; path = techtatvalogo.jpg; sourceTree = "<group>"; };
		D6C5949D1D1831E9006F19D0 /* Comment.png */ = {isa = PBXFileReference; lastKnownFileType = image.png; path = Comment.png; sourceTree = "<group>"; };
		D6C6B3CB1D99891D003C52A7 /* ResultsJsonDataModel.h */ = {isa = PBXFileReference; fileEncoding = 4; lastKnownFileType = sourcecode.c.h; path = ResultsJsonDataModel.h; sourceTree = "<group>"; };
		D6C6B3CC1D99891D003C52A7 /* ResultsJsonDataModel.m */ = {isa = PBXFileReference; fileEncoding = 4; lastKnownFileType = sourcecode.c.objc; path = ResultsJsonDataModel.m; sourceTree = "<group>"; };
		D6D061241D782D8B00D9267E /* OnlineEventsViewController.h */ = {isa = PBXFileReference; fileEncoding = 4; lastKnownFileType = sourcecode.c.h; path = OnlineEventsViewController.h; sourceTree = "<group>"; };
		D6D061251D782D8B00D9267E /* OnlineEventsViewController.m */ = {isa = PBXFileReference; fileEncoding = 4; lastKnownFileType = sourcecode.c.objc; path = OnlineEventsViewController.m; sourceTree = "<group>"; };
		D6DC67211D848AFB00D75A5B /* filledstar.png */ = {isa = PBXFileReference; lastKnownFileType = image.png; path = filledstar.png; sourceTree = "<group>"; };
		D6DC67221D848AFB00D75A5B /* star.png */ = {isa = PBXFileReference; lastKnownFileType = image.png; path = star.png; sourceTree = "<group>"; };
		D6E6326B1D7AC21B00E71851 /* RegistrationPageViewController.h */ = {isa = PBXFileReference; fileEncoding = 4; lastKnownFileType = sourcecode.c.h; name = RegistrationPageViewController.h; path = ../RegistrationPageViewController.h; sourceTree = "<group>"; };
		D6E6326C1D7AC21B00E71851 /* RegistrationPageViewController.m */ = {isa = PBXFileReference; fileEncoding = 4; lastKnownFileType = sourcecode.c.objc; name = RegistrationPageViewController.m; path = ../RegistrationPageViewController.m; sourceTree = "<group>"; };
		E01D0203BC4C2BBAC2B42AE4 /* Pods-TechTatva '16.debug.xcconfig */ = {isa = PBXFileReference; includeInIndex = 1; lastKnownFileType = text.xcconfig; name = "Pods-TechTatva '16.debug.xcconfig"; path = "Pods/Target Support Files/Pods-TechTatva '16/Pods-TechTatva '16.debug.xcconfig"; sourceTree = "<group>"; };
		EE72E6A53052B6A6B327AC10 /* Pods-TechTatva '16Tests.debug.xcconfig */ = {isa = PBXFileReference; includeInIndex = 1; lastKnownFileType = text.xcconfig; name = "Pods-TechTatva '16Tests.debug.xcconfig"; path = "Pods/Target Support Files/Pods-TechTatva '16Tests/Pods-TechTatva '16Tests.debug.xcconfig"; sourceTree = "<group>"; };
/* End PBXFileReference section */

/* Begin PBXFrameworksBuildPhase section */
		188F51D11D0F08ED0083169D /* Frameworks */ = {
			isa = PBXFrameworksBuildPhase;
			buildActionMask = 2147483647;
			files = (
				182782381DA8C7AA00BD8C34 /* AudioToolbox.framework in Frameworks */,
				182782361DA8C7A500BD8C34 /* CoreGraphics.framework in Frameworks */,
				182782341DA8C7A000BD8C34 /* AVFoundation.framework in Frameworks */,
				62AC6DCAA199CFB35FD50E25 /* libPods-TechTatva '16.a in Frameworks */,
			);
			runOnlyForDeploymentPostprocessing = 0;
		};
		188F51EA1D0F08ED0083169D /* Frameworks */ = {
			isa = PBXFrameworksBuildPhase;
			buildActionMask = 2147483647;
			files = (
				40F17476E22BBAC7B56FCF32 /* libPods-TechTatva '16Tests.a in Frameworks */,
			);
			runOnlyForDeploymentPostprocessing = 0;
		};
		188F51F51D0F08ED0083169D /* Frameworks */ = {
			isa = PBXFrameworksBuildPhase;
			buildActionMask = 2147483647;
			files = (
				1746BB7FEB69F470449224C1 /* libPods-TechTatva '16UITests.a in Frameworks */,
			);
			runOnlyForDeploymentPostprocessing = 0;
		};
/* End PBXFrameworksBuildPhase section */

/* Begin PBXGroup section */
		0CE34380EB32F8CB59A55246 /* Frameworks */ = {
			isa = PBXGroup;
			children = (
				182782371DA8C7AA00BD8C34 /* AudioToolbox.framework */,
				182782351DA8C7A500BD8C34 /* CoreGraphics.framework */,
				182782331DA8C7A000BD8C34 /* AVFoundation.framework */,
				0D0BA0276B019047FFBAD5AD /* libPods-TechTatva '16.a */,
				155EB34EA3610CCE0A58E7CF /* libPods-TechTatva '16Tests.a */,
				A3FE22D2C8719D49855D143B /* libPods-TechTatva '16UITests.a */,
			);
			name = Frameworks;
			sourceTree = "<group>";
		};
		182782321DA8C5DF00BD8C34 /* Splash */ = {
			isa = PBXGroup;
			children = (
				1827822F1DA8C5CB00BD8C34 /* SplashViewController.h */,
				182782301DA8C5CB00BD8C34 /* SplashViewController.m */,
			);
			name = Splash;
			sourceTree = "<group>";
		};
		184A2AD01DA59F6600D589DE /* Categories */ = {
			isa = PBXGroup;
			children = (
				1881A2081D0FCD8000192BD1 /* CategoriesTableViewController.h */,
				1881A2091D0FCD8000192BD1 /* CategoriesTableViewController.m */,
				1828D8191D7476B000E0454F /* CategoriesTableViewCell.h */,
				1828D81A1D7476B000E0454F /* CategoriesTableViewCell.m */,
				1828D81B1D7476B000E0454F /* CategoriesTableViewCell.xib */,
			);
			name = Categories;
			sourceTree = "<group>";
		};
		184A2AD11DA59F7000D589DE /* Category Events */ = {
			isa = PBXGroup;
			children = (
				D60BB7B11D70C0120083D0C9 /* EventsTableViewCell.h */,
				D60BB7B21D70C0120083D0C9 /* EventsTableViewCell.m */,
				D60BB7B31D70C0120083D0C9 /* EventsTableViewCell.xib */,
				1881A2131D13085800192BD1 /* EventsViewController.h */,
				1881A2141D13085800192BD1 /* EventsViewController.m */,
			);
			name = "Category Events";
			sourceTree = "<group>";
		};
		184A2AD21DA59F7900D589DE /* Events */ = {
			isa = PBXGroup;
			children = (
				D607A28B1D9FD10600CC01E2 /* AllEventsViewController.h */,
				D607A28C1D9FD10600CC01E2 /* AllEventsViewController.m */,
				D6A2B8C71D847415008DE478 /* AllEventsTableViewCell.h */,
				D6A2B8C81D847415008DE478 /* AllEventsTableViewCell.m */,
				D6A2B8C91D847415008DE478 /* AllEventsTableViewCell.xib */,
			);
			name = Events;
			sourceTree = "<group>";
		};
		184A2AD41DA59F8B00D589DE /* Feedback */ = {
			isa = PBXGroup;
			children = (
				D6C0853B1D7EBCEE00FBD1BC /* FeedbackTableViewController.h */,
				D6C0853C1D7EBCEE00FBD1BC /* FeedbackTableViewController.m */,
			);
			name = Feedback;
			sourceTree = "<group>";
		};
		184A2AD51DA59F9300D589DE /* About Us */ = {
			isa = PBXGroup;
			children = (
				D6247BF41D7B0C58007F7FF1 /* AboutUsTableViewController.h */,
				D6247BF51D7B0C58007F7FF1 /* AboutUsTableViewController.m */,
			);
			name = "About Us";
			sourceTree = "<group>";
		};
		184A2AD61DA59FD200D589DE /* Results */ = {
			isa = PBXGroup;
			children = (
				18749BC81D14094700858B85 /* ResultsTableViewController.h */,
				18749BC91D14094700858B85 /* ResultsTableViewController.m */,
				18749BCB1D140AC600858B85 /* ResultsTableViewCell.h */,
				18749BCC1D140AC600858B85 /* ResultsTableViewCell.m */,
				18749BCD1D140AC600858B85 /* ResultsTableViewCell.xib */,
			);
			name = Results;
			sourceTree = "<group>";
		};
		184A2AD71DA5A0EF00D589DE /* Reachability */ = {
			isa = PBXGroup;
			children = (
				181290C01D92C06200E5B740 /* Reachability.h */,
				181290C11D92C06200E5B740 /* Reachability.m */,
			);
			name = Reachability;
			sourceTree = "<group>";
		};
		184A2AD81DA5A0FC00D589DE /* Register */ = {
			isa = PBXGroup;
			children = (
				D6E6326B1D7AC21B00E71851 /* RegistrationPageViewController.h */,
				D6E6326C1D7AC21B00E71851 /* RegistrationPageViewController.m */,
			);
			name = Register;
			sourceTree = "<group>";
		};
		184A2AD91DA5A10300D589DE /* Online Events */ = {
			isa = PBXGroup;
			children = (
				D6D061241D782D8B00D9267E /* OnlineEventsViewController.h */,
				D6D061251D782D8B00D9267E /* OnlineEventsViewController.m */,
			);
			name = "Online Events";
			sourceTree = "<group>";
		};
		184A2ADA1DA5A10F00D589DE /* More */ = {
			isa = PBXGroup;
			children = (
				18749BBE1D13F17600858B85 /* MoreTableViewController.h */,
				18749BBF1D13F17600858B85 /* MoreTableViewController.m */,
			);
			name = More;
			sourceTree = "<group>";
		};
		184A2ADB1DA5A11C00D589DE /* Instagram */ = {
			isa = PBXGroup;
			children = (
				59544E191DA8A79000BDA118 /* InstagramDetailViewController.h */,
				59544E1A1DA8A79000BDA118 /* InstagramDetailViewController.m */,
				59544E1B1DA8A79000BDA118 /* InstagramRootViewController.h */,
				59544E1C1DA8A79000BDA118 /* InstagramRootViewController.m */,
				59544E1E1DA8A79000BDA118 /* InstagramV2ViewController.h */,
				59544E251DA8A81A00BDA118 /* InstagramV2ViewController.m */,
				59544E221DA8A7A600BDA118 /* RoundedLabel.h */,
				59544E231DA8A7A600BDA118 /* RoundedLabel.m */,
				59544E121DA8A78100BDA118 /* Instagram */,
				59544E0E1DA8A77900BDA118 /* Cross Button */,
				59544E0A1DA8A77400BDA118 /* ASMutableURLRequest */,
				59544E061DA8A76F00BDA118 /* UIImage+ImageEffects */,
			);
			name = Instagram;
			sourceTree = "<group>";
		};
		1868992C1D6E34F800B82923 /* Favourites Core Data Model */ = {
			isa = PBXGroup;
			children = (
				18FFC4B31DA886A4000CD00E /* Favourite+CoreDataClass.h */,
				18FFC4B41DA886A4000CD00E /* Favourite+CoreDataClass.m */,
				18FFC4B51DA886A4000CD00E /* Favourite+CoreDataProperties.h */,
				18FFC4B61DA886A4000CD00E /* Favourite+CoreDataProperties.m */,
				18541FDE1D6DD9370046EAD0 /* Favourites.xcdatamodeld */,
			);
			name = "Favourites Core Data Model";
			sourceTree = "<group>";
		};
		1868992D1D6E350500B82923 /* App Delegate */ = {
			isa = PBXGroup;
			children = (
				188F51DA1D0F08ED0083169D /* AppDelegate.h */,
				188F51DB1D0F08ED0083169D /* AppDelegate.m */,
			);
			name = "App Delegate";
			sourceTree = "<group>";
		};
		188F51CB1D0F08ED0083169D = {
			isa = PBXGroup;
			children = (
				188F51D61D0F08ED0083169D /* TechTatva '16 */,
				188F51F01D0F08ED0083169D /* TechTatva '16Tests */,
				188F51FB1D0F08ED0083169D /* TechTatva '16UITests */,
				188F51D51D0F08ED0083169D /* Products */,
				A92A2EFCB0014870CCB14960 /* Pods */,
				0CE34380EB32F8CB59A55246 /* Frameworks */,
			);
			sourceTree = "<group>";
		};
		188F51D51D0F08ED0083169D /* Products */ = {
			isa = PBXGroup;
			children = (
				188F51D41D0F08ED0083169D /* TechTatva '16.app */,
				188F51ED1D0F08ED0083169D /* TechTatva '16Tests.xctest */,
				188F51F81D0F08ED0083169D /* TechTatva '16UITests.xctest */,
			);
			name = Products;
			sourceTree = "<group>";
		};
		188F51D61D0F08ED0083169D /* TechTatva '16 */ = {
			isa = PBXGroup;
			children = (
				18FFC4C01DA89614000CD00E /* Dev Animations */,
				184A2AD71DA5A0EF00D589DE /* Reachability */,
				D68F16E01D9D16E9007182C7 /* Categories Model */,
				D6C6B3C71D9987FB003C52A7 /* Results Model */,
				D69A1A8A1D995FE6001F9E7F /* Schedule Model */,
				D640BF541D4FD67D006BA67C /* Events Model */,
				1868992D1D6E350500B82923 /* App Delegate */,
				1868992C1D6E34F800B82923 /* Favourites Core Data Model */,
				188F51E01D0F08ED0083169D /* Main.storyboard */,
				184A2AD01DA59F6600D589DE /* Categories */,
				184A2AD11DA59F7000D589DE /* Category Events */,
				184A2AD21DA59F7900D589DE /* Events */,
				184A2AD41DA59F8B00D589DE /* Feedback */,
				184A2AD51DA59F9300D589DE /* About Us */,
				184A2AD81DA5A0FC00D589DE /* Register */,
				184A2AD91DA5A10300D589DE /* Online Events */,
				184A2AD61DA59FD200D589DE /* Results */,
				184A2ADA1DA5A10F00D589DE /* More */,
				188F51E31D0F08ED0083169D /* Assets.xcassets */,
				184A2ADB1DA5A11C00D589DE /* Instagram */,
				188F51E51D0F08ED0083169D /* LaunchScreen.storyboard */,
				188F51D71D0F08ED0083169D /* Supporting Files */,
				18FFC4AE1DA8816E000CD00E /* Favourites */,
				18FFC4B21DA88596000CD00E /* Developers */,
				18FFC4BC1DA88BCD000CD00E /* Trending */,
				182782321DA8C5DF00BD8C34 /* Splash */,
			);
			path = "TechTatva '16";
			sourceTree = "<group>";
		};
		188F51D71D0F08ED0083169D /* Supporting Files */ = {
			isa = PBXGroup;
			children = (
				59544E281DA9133C00BDA118 /* DADataManager */,
				182782391DA8FA9F00BD8C34 /* GoogleService-Info.plist */,
				18C3F2141D931513007F33DB /* PrefixHeader.pch */,
				188F51E81D0F08ED0083169D /* Info.plist */,
				1827822D1DA8C5A600BD8C34 /* launchvideo.mp4 */,
				59544E271DA8A9FF00BDA118 /* images */,
				188F51D81D0F08ED0083169D /* main.m */,
			);
			name = "Supporting Files";
			sourceTree = "<group>";
		};
		188F51F01D0F08ED0083169D /* TechTatva '16Tests */ = {
			isa = PBXGroup;
			children = (
				188F51F11D0F08ED0083169D /* TechTatva__16Tests.m */,
				188F51F31D0F08ED0083169D /* Info.plist */,
			);
			path = "TechTatva '16Tests";
			sourceTree = "<group>";
		};
		188F51FB1D0F08ED0083169D /* TechTatva '16UITests */ = {
			isa = PBXGroup;
			children = (
				188F51FC1D0F08ED0083169D /* TechTatva__16UITests.m */,
				188F51FE1D0F08ED0083169D /* Info.plist */,
			);
			path = "TechTatva '16UITests";
			sourceTree = "<group>";
		};
		18FFC4AE1DA8816E000CD00E /* Favourites */ = {
			isa = PBXGroup;
			children = (
				18FFC4AB1DA88164000CD00E /* FavouritesTableViewController.h */,
				18FFC4AC1DA88164000CD00E /* FavouritesTableViewController.m */,
			);
			name = Favourites;
			sourceTree = "<group>";
		};
		18FFC4B21DA88596000CD00E /* Developers */ = {
			isa = PBXGroup;
			children = (
				18FFC4C11DA89646000CD00E /* DevViewCell.xib */,
				18FFC4C21DA89646000CD00E /* DevViewTableViewCell.h */,
				18FFC4C31DA89646000CD00E /* DevViewTableViewCell.m */,
				18FFC4AF1DA8858F000CD00E /* DevelopersViewController.h */,
				18FFC4B01DA8858F000CD00E /* DevelopersViewController.m */,
			);
			name = Developers;
			sourceTree = "<group>";
		};
		18FFC4BC1DA88BCD000CD00E /* Trending */ = {
			isa = PBXGroup;
			children = (
				18FFC4B91DA88BB7000CD00E /* TrendingTableViewController.h */,
				18FFC4BA1DA88BB7000CD00E /* TrendingTableViewController.m */,
			);
			name = Trending;
			sourceTree = "<group>";
		};
		18FFC4C01DA89614000CD00E /* Dev Animations */ = {
			isa = PBXGroup;
			children = (
				18FFC4BD1DA89610000CD00E /* UITableView+Animations.h */,
				18FFC4BE1DA89610000CD00E /* UITableView+Animations.m */,
			);
			name = "Dev Animations";
			sourceTree = "<group>";
		};
		59544E061DA8A76F00BDA118 /* UIImage+ImageEffects */ = {
			isa = PBXGroup;
			children = (
				59544E071DA8A76F00BDA118 /* UIImage+ImageEffects.h */,
				59544E081DA8A76F00BDA118 /* UIImage+ImageEffects.m */,
			);
			path = "UIImage+ImageEffects";
			sourceTree = "<group>";
		};
		59544E0A1DA8A77400BDA118 /* ASMutableURLRequest */ = {
			isa = PBXGroup;
			children = (
				59544E0B1DA8A77400BDA118 /* ASMutableURLRequest.h */,
				59544E0C1DA8A77400BDA118 /* ASMutableURLRequest.m */,
			);
			path = ASMutableURLRequest;
			sourceTree = "<group>";
		};
		59544E0E1DA8A77900BDA118 /* Cross Button */ = {
			isa = PBXGroup;
			children = (
				59544E0F1DA8A77900BDA118 /* CrossButton.h */,
				59544E101DA8A77900BDA118 /* CrossButton.m */,
			);
			path = "Cross Button";
			sourceTree = "<group>";
		};
		59544E121DA8A78100BDA118 /* Instagram */ = {
			isa = PBXGroup;
			children = (
				59544E131DA8A78100BDA118 /* InstagramData.h */,
				59544E141DA8A78100BDA118 /* InstagramData.m */,
				59544E151DA8A78100BDA118 /* ParallaxCollectionViewCell.h */,
				59544E161DA8A78100BDA118 /* ParallaxCollectionViewCell.m */,
			);
			path = Instagram;
			sourceTree = "<group>";
		};
		59544E271DA8A9FF00BDA118 /* images */ = {
			isa = PBXGroup;
			children = (
				D66BE63F1DA1315C005B2B39 /* Calendar Filled-50.png */,
				D66BE63B1DA12FFE005B2B39 /* FilledFavourites.png */,
				D66BE63C1DA12FFE005B2B39 /* Favourites.png */,
				D6247BF71D7B0E74007F7FF1 /* fb@2x.png */,
				D6247C011D7B145F007F7FF1 /* youtube.png */,
				D6247BF91D7B100C007F7FF1 /* google+@2x.png */,
				D6247BFB1D7B100C007F7FF1 /* twitter@2x.png */,
				D60BB7B61D70C3A40083D0C9 /* Calendar-50.png */,
				D60BB7B71D70C3A40083D0C9 /* location.png */,
				D60BB7B81D70C3A40083D0C9 /* Phone Filled-50.png */,
				D60BB7B91D70C3A40083D0C9 /* Time Filled-50.png */,
				D60BB7BA1D70C3A40083D0C9 /* User Group Man Man-50.png */,
				D6C5949B1D1831E9006F19D0 /* likepic.png */,
				D6DC67211D848AFB00D75A5B /* filledstar.png */,
				D6DC67221D848AFB00D75A5B /* star.png */,
				184A2AEA1DA5C51100D589DE /* Snapchat-100.png */,
				D6C5949C1D1831E9006F19D0 /* techtatvalogo.jpg */,
				D6C5949D1D1831E9006F19D0 /* Comment.png */,
				D60BB7C81D72F08B0083D0C9 /* Category@2x.png */,
				D60BB7C11D72EF290083D0C9 /* Events@2x.png */,
				D60BB7C21D72EF290083D0C9 /* Instagram@2x.png */,
				D60BB7C31D72EF290083D0C9 /* Results@2x.png */,
				18749BC61D13F8FC00858B85 /* thumb_IMG_7632_1024.jpg */,
			);
			name = images;
			sourceTree = "<group>";
		};
		59544E281DA9133C00BDA118 /* DADataManager */ = {
			isa = PBXGroup;
			children = (
				59544E291DA9133C00BDA118 /* DADataManager.h */,
				59544E2A1DA9133C00BDA118 /* DADataManager.m */,
			);
			path = DADataManager;
			sourceTree = "<group>";
		};
		A92A2EFCB0014870CCB14960 /* Pods */ = {
			isa = PBXGroup;
			children = (
				E01D0203BC4C2BBAC2B42AE4 /* Pods-TechTatva '16.debug.xcconfig */,
				18CE6C3949F060D61B5D3837 /* Pods-TechTatva '16.release.xcconfig */,
				EE72E6A53052B6A6B327AC10 /* Pods-TechTatva '16Tests.debug.xcconfig */,
				D5FF03F99F3281ADAB68B8C5 /* Pods-TechTatva '16Tests.release.xcconfig */,
				1E39DD336457E8A5B4AD9BEC /* Pods-TechTatva '16UITests.debug.xcconfig */,
				9309D4D26842A1C03AFD9384 /* Pods-TechTatva '16UITests.release.xcconfig */,
			);
			name = Pods;
			sourceTree = "<group>";
		};
		D640BF541D4FD67D006BA67C /* Events Model */ = {
			isa = PBXGroup;
			children = (
				D640BF511D4FD5B4006BA67C /* EventsDetailsJSONModel.h */,
				D640BF521D4FD5B4006BA67C /* EventsDetailsJSONModel.m */,
			);
			name = "Events Model";
			sourceTree = "<group>";
		};
		D68F16E01D9D16E9007182C7 /* Categories Model */ = {
			isa = PBXGroup;
			children = (
				D68F16E11D9D1707007182C7 /* CategoriesJSONModel.h */,
				D68F16E21D9D1707007182C7 /* CategoriesJSONModel.m */,
			);
			name = "Categories Model";
			sourceTree = "<group>";
		};
		D69A1A8A1D995FE6001F9E7F /* Schedule Model */ = {
			isa = PBXGroup;
			children = (
				D69A1A8B1D996021001F9E7F /* ScheduleJsonDataModel.h */,
				D69A1A8C1D996021001F9E7F /* ScheduleJsonDataModel.m */,
			);
			name = "Schedule Model";
			sourceTree = "<group>";
		};
		D6C6B3C71D9987FB003C52A7 /* Results Model */ = {
			isa = PBXGroup;
			children = (
				D6C6B3CB1D99891D003C52A7 /* ResultsJsonDataModel.h */,
				D6C6B3CC1D99891D003C52A7 /* ResultsJsonDataModel.m */,
			);
			name = "Results Model";
			sourceTree = "<group>";
		};
/* End PBXGroup section */

/* Begin PBXNativeTarget section */
		188F51D31D0F08ED0083169D /* TechTatva '16 */ = {
			isa = PBXNativeTarget;
			buildConfigurationList = 188F52011D0F08ED0083169D /* Build configuration list for PBXNativeTarget "TechTatva '16" */;
			buildPhases = (
				26A9072E85E4DA62046A7E14 /* [CP] Check Pods Manifest.lock */,
				188F51D01D0F08ED0083169D /* Sources */,
				188F51D11D0F08ED0083169D /* Frameworks */,
				188F51D21D0F08ED0083169D /* Resources */,
				A797C7EC2BB2069AA79A9E45 /* [CP] Embed Pods Frameworks */,
				7E3BA2C7F8EA1A78D7AAC009 /* [CP] Copy Pods Resources */,
			);
			buildRules = (
			);
			dependencies = (
			);
			name = "TechTatva '16";
			productName = "TechTatva '16";
			productReference = 188F51D41D0F08ED0083169D /* TechTatva '16.app */;
			productType = "com.apple.product-type.application";
		};
		188F51EC1D0F08ED0083169D /* TechTatva '16Tests */ = {
			isa = PBXNativeTarget;
			buildConfigurationList = 188F52041D0F08ED0083169D /* Build configuration list for PBXNativeTarget "TechTatva '16Tests" */;
			buildPhases = (
				4E1A4CB28E3EAA43808C2361 /* [CP] Check Pods Manifest.lock */,
				188F51E91D0F08ED0083169D /* Sources */,
				188F51EA1D0F08ED0083169D /* Frameworks */,
				188F51EB1D0F08ED0083169D /* Resources */,
				93EDEABAE503A0B52E34BD56 /* [CP] Embed Pods Frameworks */,
				E29D149548594DC178DB1AEE /* [CP] Copy Pods Resources */,
			);
			buildRules = (
			);
			dependencies = (
				188F51EF1D0F08ED0083169D /* PBXTargetDependency */,
			);
			name = "TechTatva '16Tests";
			productName = "TechTatva '16Tests";
			productReference = 188F51ED1D0F08ED0083169D /* TechTatva '16Tests.xctest */;
			productType = "com.apple.product-type.bundle.unit-test";
		};
		188F51F71D0F08ED0083169D /* TechTatva '16UITests */ = {
			isa = PBXNativeTarget;
			buildConfigurationList = 188F52071D0F08ED0083169D /* Build configuration list for PBXNativeTarget "TechTatva '16UITests" */;
			buildPhases = (
				D096323625FE66C8C054BDAD /* [CP] Check Pods Manifest.lock */,
				188F51F41D0F08ED0083169D /* Sources */,
				188F51F51D0F08ED0083169D /* Frameworks */,
				188F51F61D0F08ED0083169D /* Resources */,
				70A11593B58DACE776714A9E /* [CP] Copy Pods Resources */,
				A7D77B113686DE150572FAFC /* [CP] Embed Pods Frameworks */,
			);
			buildRules = (
			);
			dependencies = (
				188F51FA1D0F08ED0083169D /* PBXTargetDependency */,
			);
			name = "TechTatva '16UITests";
			productName = "TechTatva '16UITests";
			productReference = 188F51F81D0F08ED0083169D /* TechTatva '16UITests.xctest */;
			productType = "com.apple.product-type.bundle.ui-testing";
		};
/* End PBXNativeTarget section */

/* Begin PBXProject section */
		188F51CC1D0F08ED0083169D /* Project object */ = {
			isa = PBXProject;
			attributes = {
				LastUpgradeCheck = 0800;
				ORGANIZATIONNAME = YASH;
				TargetAttributes = {
					188F51D31D0F08ED0083169D = {
						CreatedOnToolsVersion = 7.3;
						DevelopmentTeam = 9P257W983B;
					};
					188F51EC1D0F08ED0083169D = {
						CreatedOnToolsVersion = 7.3;
						TestTargetID = 188F51D31D0F08ED0083169D;
					};
					188F51F71D0F08ED0083169D = {
						CreatedOnToolsVersion = 7.3;
						TestTargetID = 188F51D31D0F08ED0083169D;
					};
				};
			};
			buildConfigurationList = 188F51CF1D0F08ED0083169D /* Build configuration list for PBXProject "TechTatva '16" */;
			compatibilityVersion = "Xcode 3.2";
			developmentRegion = English;
			hasScannedForEncodings = 0;
			knownRegions = (
				en,
				Base,
			);
			mainGroup = 188F51CB1D0F08ED0083169D;
			productRefGroup = 188F51D51D0F08ED0083169D /* Products */;
			projectDirPath = "";
			projectRoot = "";
			targets = (
				188F51D31D0F08ED0083169D /* TechTatva '16 */,
				188F51EC1D0F08ED0083169D /* TechTatva '16Tests */,
				188F51F71D0F08ED0083169D /* TechTatva '16UITests */,
			);
		};
/* End PBXProject section */

/* Begin PBXResourcesBuildPhase section */
		188F51D21D0F08ED0083169D /* Resources */ = {
			isa = PBXResourcesBuildPhase;
			buildActionMask = 2147483647;
			files = (
				1827822E1DA8C5A600BD8C34 /* launchvideo.mp4 in Resources */,
				D60BB7BE1D70C3A40083D0C9 /* Time Filled-50.png in Resources */,
				D60BB7C61D72EF290083D0C9 /* Instagram@2x.png in Resources */,
				D6247BF81D7B0E74007F7FF1 /* fb@2x.png in Resources */,
				D6DC67241D848AFB00D75A5B /* star.png in Resources */,
				D60BB7B51D70C0120083D0C9 /* EventsTableViewCell.xib in Resources */,
				184A2AEB1DA5C51100D589DE /* Snapchat-100.png in Resources */,
				188F51E71D0F08ED0083169D /* LaunchScreen.storyboard in Resources */,
				1827823A1DA8FA9F00BD8C34 /* GoogleService-Info.plist in Resources */,
				D6C5949E1D1831E9006F19D0 /* likepic.png in Resources */,
				D66BE63D1DA12FFE005B2B39 /* FilledFavourites.png in Resources */,
				D60BB7C91D72F08B0083D0C9 /* Category@2x.png in Resources */,
				D66BE6401DA1315C005B2B39 /* Calendar Filled-50.png in Resources */,
				D6247C021D7B145F007F7FF1 /* youtube.png in Resources */,
				D60BB7BF1D70C3A40083D0C9 /* User Group Man Man-50.png in Resources */,
				D60BB7BB1D70C3A40083D0C9 /* Calendar-50.png in Resources */,
				D6C594A01D1831E9006F19D0 /* Comment.png in Resources */,
				18749BC71D13F8FC00858B85 /* thumb_IMG_7632_1024.jpg in Resources */,
				D6A2B8CB1D847415008DE478 /* AllEventsTableViewCell.xib in Resources */,
				D60BB7BD1D70C3A40083D0C9 /* Phone Filled-50.png in Resources */,
				D6247BFE1D7B100C007F7FF1 /* twitter@2x.png in Resources */,
				D60BB7C51D72EF290083D0C9 /* Events@2x.png in Resources */,
				D66BE63E1DA12FFE005B2B39 /* Favourites.png in Resources */,
				D60BB7C71D72EF290083D0C9 /* Results@2x.png in Resources */,
				D6DC67231D848AFB00D75A5B /* filledstar.png in Resources */,
				188F51E41D0F08ED0083169D /* Assets.xcassets in Resources */,
				D6247BFC1D7B100C007F7FF1 /* google+@2x.png in Resources */,
				18FFC4C41DA89646000CD00E /* DevViewCell.xib in Resources */,
				D60BB7BC1D70C3A40083D0C9 /* location.png in Resources */,
				188F51E21D0F08ED0083169D /* Main.storyboard in Resources */,
				1828D81D1D7476B000E0454F /* CategoriesTableViewCell.xib in Resources */,
				18749BCF1D140AC600858B85 /* ResultsTableViewCell.xib in Resources */,
				D6C5949F1D1831E9006F19D0 /* techtatvalogo.jpg in Resources */,
			);
			runOnlyForDeploymentPostprocessing = 0;
		};
		188F51EB1D0F08ED0083169D /* Resources */ = {
			isa = PBXResourcesBuildPhase;
			buildActionMask = 2147483647;
			files = (
			);
			runOnlyForDeploymentPostprocessing = 0;
		};
		188F51F61D0F08ED0083169D /* Resources */ = {
			isa = PBXResourcesBuildPhase;
			buildActionMask = 2147483647;
			files = (
			);
			runOnlyForDeploymentPostprocessing = 0;
		};
/* End PBXResourcesBuildPhase section */

/* Begin PBXShellScriptBuildPhase section */
		26A9072E85E4DA62046A7E14 /* [CP] Check Pods Manifest.lock */ = {
			isa = PBXShellScriptBuildPhase;
			buildActionMask = 2147483647;
			files = (
			);
			inputPaths = (
			);
			name = "[CP] Check Pods Manifest.lock";
			outputPaths = (
			);
			runOnlyForDeploymentPostprocessing = 0;
			shellPath = /bin/sh;
			shellScript = "diff \"${PODS_ROOT}/../Podfile.lock\" \"${PODS_ROOT}/Manifest.lock\" > /dev/null\nif [[ $? != 0 ]] ; then\n    cat << EOM\nerror: The sandbox is not in sync with the Podfile.lock. Run 'pod install' or update your CocoaPods installation.\nEOM\n    exit 1\nfi\n";
			showEnvVarsInLog = 0;
		};
		4E1A4CB28E3EAA43808C2361 /* [CP] Check Pods Manifest.lock */ = {
			isa = PBXShellScriptBuildPhase;
			buildActionMask = 2147483647;
			files = (
			);
			inputPaths = (
			);
			name = "[CP] Check Pods Manifest.lock";
			outputPaths = (
			);
			runOnlyForDeploymentPostprocessing = 0;
			shellPath = /bin/sh;
			shellScript = "diff \"${PODS_ROOT}/../Podfile.lock\" \"${PODS_ROOT}/Manifest.lock\" > /dev/null\nif [[ $? != 0 ]] ; then\n    cat << EOM\nerror: The sandbox is not in sync with the Podfile.lock. Run 'pod install' or update your CocoaPods installation.\nEOM\n    exit 1\nfi\n";
			showEnvVarsInLog = 0;
		};
		70A11593B58DACE776714A9E /* [CP] Copy Pods Resources */ = {
			isa = PBXShellScriptBuildPhase;
			buildActionMask = 2147483647;
			files = (
			);
			inputPaths = (
			);
			name = "[CP] Copy Pods Resources";
			outputPaths = (
			);
			runOnlyForDeploymentPostprocessing = 0;
			shellPath = /bin/sh;
			shellScript = "\"${SRCROOT}/Pods/Target Support Files/Pods-TechTatva '16UITests/Pods-TechTatva '16UITests-resources.sh\"\n";
			showEnvVarsInLog = 0;
		};
		7E3BA2C7F8EA1A78D7AAC009 /* [CP] Copy Pods Resources */ = {
			isa = PBXShellScriptBuildPhase;
			buildActionMask = 2147483647;
			files = (
			);
			inputPaths = (
			);
			name = "[CP] Copy Pods Resources";
			outputPaths = (
			);
			runOnlyForDeploymentPostprocessing = 0;
			shellPath = /bin/sh;
			shellScript = "\"${SRCROOT}/Pods/Target Support Files/Pods-TechTatva '16/Pods-TechTatva '16-resources.sh\"\n";
			showEnvVarsInLog = 0;
		};
		93EDEABAE503A0B52E34BD56 /* [CP] Embed Pods Frameworks */ = {
			isa = PBXShellScriptBuildPhase;
			buildActionMask = 2147483647;
			files = (
			);
			inputPaths = (
			);
			name = "[CP] Embed Pods Frameworks";
			outputPaths = (
			);
			runOnlyForDeploymentPostprocessing = 0;
			shellPath = /bin/sh;
			shellScript = "\"${SRCROOT}/Pods/Target Support Files/Pods-TechTatva '16Tests/Pods-TechTatva '16Tests-frameworks.sh\"\n";
			showEnvVarsInLog = 0;
		};
		A797C7EC2BB2069AA79A9E45 /* [CP] Embed Pods Frameworks */ = {
			isa = PBXShellScriptBuildPhase;
			buildActionMask = 2147483647;
			files = (
			);
			inputPaths = (
			);
			name = "[CP] Embed Pods Frameworks";
			outputPaths = (
			);
			runOnlyForDeploymentPostprocessing = 0;
			shellPath = /bin/sh;
			shellScript = "\"${SRCROOT}/Pods/Target Support Files/Pods-TechTatva '16/Pods-TechTatva '16-frameworks.sh\"\n";
			showEnvVarsInLog = 0;
		};
		A7D77B113686DE150572FAFC /* [CP] Embed Pods Frameworks */ = {
			isa = PBXShellScriptBuildPhase;
			buildActionMask = 2147483647;
			files = (
			);
			inputPaths = (
			);
			name = "[CP] Embed Pods Frameworks";
			outputPaths = (
			);
			runOnlyForDeploymentPostprocessing = 0;
			shellPath = /bin/sh;
			shellScript = "\"${SRCROOT}/Pods/Target Support Files/Pods-TechTatva '16UITests/Pods-TechTatva '16UITests-frameworks.sh\"\n";
			showEnvVarsInLog = 0;
		};
		D096323625FE66C8C054BDAD /* [CP] Check Pods Manifest.lock */ = {
			isa = PBXShellScriptBuildPhase;
			buildActionMask = 2147483647;
			files = (
			);
			inputPaths = (
			);
			name = "[CP] Check Pods Manifest.lock";
			outputPaths = (
			);
			runOnlyForDeploymentPostprocessing = 0;
			shellPath = /bin/sh;
			shellScript = "diff \"${PODS_ROOT}/../Podfile.lock\" \"${PODS_ROOT}/Manifest.lock\" > /dev/null\nif [[ $? != 0 ]] ; then\n    cat << EOM\nerror: The sandbox is not in sync with the Podfile.lock. Run 'pod install' or update your CocoaPods installation.\nEOM\n    exit 1\nfi\n";
			showEnvVarsInLog = 0;
		};
		E29D149548594DC178DB1AEE /* [CP] Copy Pods Resources */ = {
			isa = PBXShellScriptBuildPhase;
			buildActionMask = 2147483647;
			files = (
			);
			inputPaths = (
			);
			name = "[CP] Copy Pods Resources";
			outputPaths = (
			);
			runOnlyForDeploymentPostprocessing = 0;
			shellPath = /bin/sh;
			shellScript = "\"${SRCROOT}/Pods/Target Support Files/Pods-TechTatva '16Tests/Pods-TechTatva '16Tests-resources.sh\"\n";
			showEnvVarsInLog = 0;
		};
/* End PBXShellScriptBuildPhase section */

/* Begin PBXSourcesBuildPhase section */
		188F51D01D0F08ED0083169D /* Sources */ = {
			isa = PBXSourcesBuildPhase;
			buildActionMask = 2147483647;
			files = (
				18FFC4B71DA886A4000CD00E /* Favourite+CoreDataClass.m in Sources */,
				D68F16E31D9D1707007182C7 /* CategoriesJSONModel.m in Sources */,
				18FFC4B11DA8858F000CD00E /* DevelopersViewController.m in Sources */,
				18749BCA1D14094700858B85 /* ResultsTableViewController.m in Sources */,
				59544E0D1DA8A77400BDA118 /* ASMutableURLRequest.m in Sources */,
				188F51DC1D0F08ED0083169D /* AppDelegate.m in Sources */,
				D6247BF61D7B0C58007F7FF1 /* AboutUsTableViewController.m in Sources */,
				D607A28D1D9FD10600CC01E2 /* AllEventsViewController.m in Sources */,
				59544E241DA8A7A600BDA118 /* RoundedLabel.m in Sources */,
				D6C0853D1D7EBCEE00FBD1BC /* FeedbackTableViewController.m in Sources */,
				D640BF531D4FD5B4006BA67C /* EventsDetailsJSONModel.m in Sources */,
				181290C21D92C06200E5B740 /* Reachability.m in Sources */,
				59544E261DA8A81A00BDA118 /* InstagramV2ViewController.m in Sources */,
				1881A2151D13085800192BD1 /* EventsViewController.m in Sources */,
				18FFC4C51DA89646000CD00E /* DevViewTableViewCell.m in Sources */,
				59544E1F1DA8A79000BDA118 /* InstagramDetailViewController.m in Sources */,
				18541FE01D6DD9370046EAD0 /* Favourites.xcdatamodeld in Sources */,
				59544E181DA8A78100BDA118 /* ParallaxCollectionViewCell.m in Sources */,
				D6E6326D1D7AC21B00E71851 /* RegistrationPageViewController.m in Sources */,
				18FFC4B81DA886A4000CD00E /* Favourite+CoreDataProperties.m in Sources */,
				18749BCE1D140AC600858B85 /* ResultsTableViewCell.m in Sources */,
				18FFC4BB1DA88BB7000CD00E /* TrendingTableViewController.m in Sources */,
				18FFC4AD1DA88164000CD00E /* FavouritesTableViewController.m in Sources */,
				59544E201DA8A79000BDA118 /* InstagramRootViewController.m in Sources */,
				59544E111DA8A77900BDA118 /* CrossButton.m in Sources */,
				1828D81C1D7476B000E0454F /* CategoriesTableViewCell.m in Sources */,
				188F51D91D0F08ED0083169D /* main.m in Sources */,
				D6A2B8CA1D847415008DE478 /* AllEventsTableViewCell.m in Sources */,
				D60BB7B41D70C0120083D0C9 /* EventsTableViewCell.m in Sources */,
				59544E091DA8A76F00BDA118 /* UIImage+ImageEffects.m in Sources */,
				D6C6B3CD1D99891D003C52A7 /* ResultsJsonDataModel.m in Sources */,
				D6D061261D782D8B00D9267E /* OnlineEventsViewController.m in Sources */,
				18749BC01D13F17600858B85 /* MoreTableViewController.m in Sources */,
				59544E2B1DA9133C00BDA118 /* DADataManager.m in Sources */,
				182782311DA8C5CB00BD8C34 /* SplashViewController.m in Sources */,
				18FFC4BF1DA89610000CD00E /* UITableView+Animations.m in Sources */,
				D69A1A8D1D996021001F9E7F /* ScheduleJsonDataModel.m in Sources */,
				59544E171DA8A78100BDA118 /* InstagramData.m in Sources */,
				1881A20A1D0FCD8000192BD1 /* CategoriesTableViewController.m in Sources */,
			);
			runOnlyForDeploymentPostprocessing = 0;
		};
		188F51E91D0F08ED0083169D /* Sources */ = {
			isa = PBXSourcesBuildPhase;
			buildActionMask = 2147483647;
			files = (
				181290C31D92C06200E5B740 /* Reachability.m in Sources */,
				188F51F21D0F08ED0083169D /* TechTatva__16Tests.m in Sources */,
			);
			runOnlyForDeploymentPostprocessing = 0;
		};
		188F51F41D0F08ED0083169D /* Sources */ = {
			isa = PBXSourcesBuildPhase;
			buildActionMask = 2147483647;
			files = (
				181290C41D92C06200E5B740 /* Reachability.m in Sources */,
				188F51FD1D0F08ED0083169D /* TechTatva__16UITests.m in Sources */,
			);
			runOnlyForDeploymentPostprocessing = 0;
		};
/* End PBXSourcesBuildPhase section */

/* Begin PBXTargetDependency section */
		188F51EF1D0F08ED0083169D /* PBXTargetDependency */ = {
			isa = PBXTargetDependency;
			target = 188F51D31D0F08ED0083169D /* TechTatva '16 */;
			targetProxy = 188F51EE1D0F08ED0083169D /* PBXContainerItemProxy */;
		};
		188F51FA1D0F08ED0083169D /* PBXTargetDependency */ = {
			isa = PBXTargetDependency;
			target = 188F51D31D0F08ED0083169D /* TechTatva '16 */;
			targetProxy = 188F51F91D0F08ED0083169D /* PBXContainerItemProxy */;
		};
/* End PBXTargetDependency section */

/* Begin PBXVariantGroup section */
		188F51E01D0F08ED0083169D /* Main.storyboard */ = {
			isa = PBXVariantGroup;
			children = (
				188F51E11D0F08ED0083169D /* Base */,
			);
			name = Main.storyboard;
			sourceTree = "<group>";
		};
		188F51E51D0F08ED0083169D /* LaunchScreen.storyboard */ = {
			isa = PBXVariantGroup;
			children = (
				188F51E61D0F08ED0083169D /* Base */,
			);
			name = LaunchScreen.storyboard;
			sourceTree = "<group>";
		};
/* End PBXVariantGroup section */

/* Begin XCBuildConfiguration section */
		188F51FF1D0F08ED0083169D /* Debug */ = {
			isa = XCBuildConfiguration;
			buildSettings = {
				ALWAYS_SEARCH_USER_PATHS = NO;
				CLANG_ANALYZER_NONNULL = YES;
				CLANG_CXX_LANGUAGE_STANDARD = "gnu++0x";
				CLANG_CXX_LIBRARY = "libc++";
				CLANG_ENABLE_MODULES = YES;
				CLANG_ENABLE_OBJC_ARC = YES;
				CLANG_WARN_BOOL_CONVERSION = YES;
				CLANG_WARN_CONSTANT_CONVERSION = YES;
				CLANG_WARN_DIRECT_OBJC_ISA_USAGE = YES_ERROR;
				CLANG_WARN_EMPTY_BODY = YES;
				CLANG_WARN_ENUM_CONVERSION = YES;
				CLANG_WARN_INFINITE_RECURSION = YES;
				CLANG_WARN_INT_CONVERSION = YES;
				CLANG_WARN_OBJC_ROOT_CLASS = YES_ERROR;
				CLANG_WARN_SUSPICIOUS_MOVE = YES;
				CLANG_WARN_UNREACHABLE_CODE = YES;
				CLANG_WARN__DUPLICATE_METHOD_MATCH = YES;
				"CODE_SIGN_IDENTITY[sdk=iphoneos*]" = "iPhone Developer";
				COPY_PHASE_STRIP = NO;
				DEBUG_INFORMATION_FORMAT = dwarf;
				ENABLE_STRICT_OBJC_MSGSEND = YES;
				ENABLE_TESTABILITY = YES;
				GCC_C_LANGUAGE_STANDARD = gnu99;
				GCC_DYNAMIC_NO_PIC = NO;
				GCC_NO_COMMON_BLOCKS = YES;
				GCC_OPTIMIZATION_LEVEL = 0;
				GCC_PREPROCESSOR_DEFINITIONS = (
					"DEBUG=1",
					"$(inherited)",
				);
				GCC_WARN_64_TO_32_BIT_CONVERSION = YES;
				GCC_WARN_ABOUT_RETURN_TYPE = YES_ERROR;
				GCC_WARN_UNDECLARED_SELECTOR = YES;
				GCC_WARN_UNINITIALIZED_AUTOS = YES_AGGRESSIVE;
				GCC_WARN_UNUSED_FUNCTION = YES;
				GCC_WARN_UNUSED_VARIABLE = YES;
				IPHONEOS_DEPLOYMENT_TARGET = 9.3;
				MTL_ENABLE_DEBUG_INFO = YES;
				ONLY_ACTIVE_ARCH = YES;
				SDKROOT = iphoneos;
			};
			name = Debug;
		};
		188F52001D0F08ED0083169D /* Release */ = {
			isa = XCBuildConfiguration;
			buildSettings = {
				ALWAYS_SEARCH_USER_PATHS = NO;
				CLANG_ANALYZER_NONNULL = YES;
				CLANG_CXX_LANGUAGE_STANDARD = "gnu++0x";
				CLANG_CXX_LIBRARY = "libc++";
				CLANG_ENABLE_MODULES = YES;
				CLANG_ENABLE_OBJC_ARC = YES;
				CLANG_WARN_BOOL_CONVERSION = YES;
				CLANG_WARN_CONSTANT_CONVERSION = YES;
				CLANG_WARN_DIRECT_OBJC_ISA_USAGE = YES_ERROR;
				CLANG_WARN_EMPTY_BODY = YES;
				CLANG_WARN_ENUM_CONVERSION = YES;
				CLANG_WARN_INFINITE_RECURSION = YES;
				CLANG_WARN_INT_CONVERSION = YES;
				CLANG_WARN_OBJC_ROOT_CLASS = YES_ERROR;
				CLANG_WARN_SUSPICIOUS_MOVE = YES;
				CLANG_WARN_UNREACHABLE_CODE = YES;
				CLANG_WARN__DUPLICATE_METHOD_MATCH = YES;
				"CODE_SIGN_IDENTITY[sdk=iphoneos*]" = "iPhone Developer";
				COPY_PHASE_STRIP = NO;
				DEBUG_INFORMATION_FORMAT = "dwarf-with-dsym";
				ENABLE_NS_ASSERTIONS = NO;
				ENABLE_STRICT_OBJC_MSGSEND = YES;
				GCC_C_LANGUAGE_STANDARD = gnu99;
				GCC_NO_COMMON_BLOCKS = YES;
				GCC_WARN_64_TO_32_BIT_CONVERSION = YES;
				GCC_WARN_ABOUT_RETURN_TYPE = YES_ERROR;
				GCC_WARN_UNDECLARED_SELECTOR = YES;
				GCC_WARN_UNINITIALIZED_AUTOS = YES_AGGRESSIVE;
				GCC_WARN_UNUSED_FUNCTION = YES;
				GCC_WARN_UNUSED_VARIABLE = YES;
				IPHONEOS_DEPLOYMENT_TARGET = 9.3;
				MTL_ENABLE_DEBUG_INFO = NO;
				SDKROOT = iphoneos;
				VALIDATE_PRODUCT = YES;
			};
			name = Release;
		};
		188F52021D0F08ED0083169D /* Debug */ = {
			isa = XCBuildConfiguration;
			baseConfigurationReference = E01D0203BC4C2BBAC2B42AE4 /* Pods-TechTatva '16.debug.xcconfig */;
			buildSettings = {
				ASSETCATALOG_COMPILER_APPICON_NAME = AppIcon;
				DEVELOPMENT_TEAM = 9P257W983B;
				GCC_PRECOMPILE_PREFIX_HEADER = YES;
				GCC_PREFIX_HEADER = "$(SRCROOT)/TechTatva '16/PrefixHeader.pch";
				INFOPLIST_FILE = "TechTatva '16/Info.plist";
				IPHONEOS_DEPLOYMENT_TARGET = 8.2;
				LD_RUNPATH_SEARCH_PATHS = "$(inherited) @executable_path/Frameworks";
				PRODUCT_BUNDLE_IDENTIFIER = "techtatva.in.techtatva-14";
				PRODUCT_NAME = "$(TARGET_NAME)";
			};
			name = Debug;
		};
		188F52031D0F08ED0083169D /* Release */ = {
			isa = XCBuildConfiguration;
			baseConfigurationReference = 18CE6C3949F060D61B5D3837 /* Pods-TechTatva '16.release.xcconfig */;
			buildSettings = {
				ASSETCATALOG_COMPILER_APPICON_NAME = AppIcon;
				DEVELOPMENT_TEAM = 9P257W983B;
				GCC_PRECOMPILE_PREFIX_HEADER = YES;
				GCC_PREFIX_HEADER = "$(SRCROOT)/TechTatva '16/PrefixHeader.pch";
				INFOPLIST_FILE = "TechTatva '16/Info.plist";
				IPHONEOS_DEPLOYMENT_TARGET = 8.2;
				LD_RUNPATH_SEARCH_PATHS = "$(inherited) @executable_path/Frameworks";
				PRODUCT_BUNDLE_IDENTIFIER = "techtatva.in.techtatva-14";
				PRODUCT_NAME = "$(TARGET_NAME)";
			};
			name = Release;
		};
		188F52051D0F08ED0083169D /* Debug */ = {
			isa = XCBuildConfiguration;
			baseConfigurationReference = EE72E6A53052B6A6B327AC10 /* Pods-TechTatva '16Tests.debug.xcconfig */;
			buildSettings = {
				BUNDLE_LOADER = "$(TEST_HOST)";
				INFOPLIST_FILE = "TechTatva '16Tests/Info.plist";
				LD_RUNPATH_SEARCH_PATHS = "$(inherited) @executable_path/Frameworks @loader_path/Frameworks";
				PRODUCT_BUNDLE_IDENTIFIER = "org.LUGM.TechTatva--16Tests";
				PRODUCT_NAME = "$(TARGET_NAME)";
				TEST_HOST = "$(BUILT_PRODUCTS_DIR)/TechTatva '16.app/TechTatva '16";
			};
			name = Debug;
		};
		188F52061D0F08ED0083169D /* Release */ = {
			isa = XCBuildConfiguration;
			baseConfigurationReference = D5FF03F99F3281ADAB68B8C5 /* Pods-TechTatva '16Tests.release.xcconfig */;
			buildSettings = {
				BUNDLE_LOADER = "$(TEST_HOST)";
				INFOPLIST_FILE = "TechTatva '16Tests/Info.plist";
				LD_RUNPATH_SEARCH_PATHS = "$(inherited) @executable_path/Frameworks @loader_path/Frameworks";
				PRODUCT_BUNDLE_IDENTIFIER = "org.LUGM.TechTatva--16Tests";
				PRODUCT_NAME = "$(TARGET_NAME)";
				TEST_HOST = "$(BUILT_PRODUCTS_DIR)/TechTatva '16.app/TechTatva '16";
			};
			name = Release;
		};
		188F52081D0F08ED0083169D /* Debug */ = {
			isa = XCBuildConfiguration;
			baseConfigurationReference = 1E39DD336457E8A5B4AD9BEC /* Pods-TechTatva '16UITests.debug.xcconfig */;
			buildSettings = {
				INFOPLIST_FILE = "TechTatva '16UITests/Info.plist";
				LD_RUNPATH_SEARCH_PATHS = "$(inherited) @executable_path/Frameworks @loader_path/Frameworks";
				PRODUCT_BUNDLE_IDENTIFIER = "org.LUGM.TechTatva--16UITests";
				PRODUCT_NAME = "$(TARGET_NAME)";
				TEST_TARGET_NAME = "TechTatva '16";
			};
			name = Debug;
		};
		188F52091D0F08ED0083169D /* Release */ = {
			isa = XCBuildConfiguration;
			baseConfigurationReference = 9309D4D26842A1C03AFD9384 /* Pods-TechTatva '16UITests.release.xcconfig */;
			buildSettings = {
				INFOPLIST_FILE = "TechTatva '16UITests/Info.plist";
				LD_RUNPATH_SEARCH_PATHS = "$(inherited) @executable_path/Frameworks @loader_path/Frameworks";
				PRODUCT_BUNDLE_IDENTIFIER = "org.LUGM.TechTatva--16UITests";
				PRODUCT_NAME = "$(TARGET_NAME)";
				TEST_TARGET_NAME = "TechTatva '16";
			};
			name = Release;
		};
/* End XCBuildConfiguration section */

/* Begin XCConfigurationList section */
		188F51CF1D0F08ED0083169D /* Build configuration list for PBXProject "TechTatva '16" */ = {
			isa = XCConfigurationList;
			buildConfigurations = (
				188F51FF1D0F08ED0083169D /* Debug */,
				188F52001D0F08ED0083169D /* Release */,
			);
			defaultConfigurationIsVisible = 0;
			defaultConfigurationName = Release;
		};
		188F52011D0F08ED0083169D /* Build configuration list for PBXNativeTarget "TechTatva '16" */ = {
			isa = XCConfigurationList;
			buildConfigurations = (
				188F52021D0F08ED0083169D /* Debug */,
				188F52031D0F08ED0083169D /* Release */,
			);
			defaultConfigurationIsVisible = 0;
			defaultConfigurationName = Release;
		};
		188F52041D0F08ED0083169D /* Build configuration list for PBXNativeTarget "TechTatva '16Tests" */ = {
			isa = XCConfigurationList;
			buildConfigurations = (
				188F52051D0F08ED0083169D /* Debug */,
				188F52061D0F08ED0083169D /* Release */,
			);
			defaultConfigurationIsVisible = 0;
			defaultConfigurationName = Release;
		};
		188F52071D0F08ED0083169D /* Build configuration list for PBXNativeTarget "TechTatva '16UITests" */ = {
			isa = XCConfigurationList;
			buildConfigurations = (
				188F52081D0F08ED0083169D /* Debug */,
				188F52091D0F08ED0083169D /* Release */,
			);
			defaultConfigurationIsVisible = 0;
			defaultConfigurationName = Release;
		};
/* End XCConfigurationList section */

/* Begin XCVersionGroup section */
		18541FDE1D6DD9370046EAD0 /* Favourites.xcdatamodeld */ = {
			isa = XCVersionGroup;
			children = (
				18541FDF1D6DD9370046EAD0 /* Favourites.xcdatamodel */,
			);
			currentVersion = 18541FDF1D6DD9370046EAD0 /* Favourites.xcdatamodel */;
			path = Favourites.xcdatamodeld;
			sourceTree = "<group>";
			versionGroupType = wrapper.xcdatamodel;
		};
/* End XCVersionGroup section */
	};
	rootObject = 188F51CC1D0F08ED0083169D /* Project object */;
}
