// !$*UTF8*$!
{
	archiveVersion = 1;
	classes = {
	};
	objectVersion = 46;
	objects = {

/* Begin PBXBuildFile section */
		1828D81C1D7476B000E0454F /* CategoriesTableViewCell.m in Sources */ = {isa = PBXBuildFile; fileRef = 1828D81A1D7476B000E0454F /* CategoriesTableViewCell.m */; };
		1828D81D1D7476B000E0454F /* CategoriesTableViewCell.xib in Resources */ = {isa = PBXBuildFile; fileRef = 1828D81B1D7476B000E0454F /* CategoriesTableViewCell.xib */; };
		18541FE01D6DD9370046EAD0 /* Favourites.xcdatamodeld in Sources */ = {isa = PBXBuildFile; fileRef = 18541FDE1D6DD9370046EAD0 /* Favourites.xcdatamodeld */; };
		18541FF11D6DE04F0046EAD0 /* Entity+CoreDataProperties.m in Sources */ = {isa = PBXBuildFile; fileRef = 18541FEE1D6DE04F0046EAD0 /* Entity+CoreDataProperties.m */; };
		18541FF21D6DE04F0046EAD0 /* Entity.m in Sources */ = {isa = PBXBuildFile; fileRef = 18541FF01D6DE04F0046EAD0 /* Entity.m */; };
		18749BC01D13F17600858B85 /* MoreTableViewController.m in Sources */ = {isa = PBXBuildFile; fileRef = 18749BBF1D13F17600858B85 /* MoreTableViewController.m */; };
		18749BC41D13F1E600858B85 /* MoreTableViewCell.m in Sources */ = {isa = PBXBuildFile; fileRef = 18749BC21D13F1E600858B85 /* MoreTableViewCell.m */; };
		18749BC51D13F1E600858B85 /* MoreTableViewCell.xib in Resources */ = {isa = PBXBuildFile; fileRef = 18749BC31D13F1E600858B85 /* MoreTableViewCell.xib */; };
		18749BC71D13F8FC00858B85 /* thumb_IMG_7632_1024.jpg in Resources */ = {isa = PBXBuildFile; fileRef = 18749BC61D13F8FC00858B85 /* thumb_IMG_7632_1024.jpg */; };
		18749BCA1D14094700858B85 /* ResultsTableViewController.m in Sources */ = {isa = PBXBuildFile; fileRef = 18749BC91D14094700858B85 /* ResultsTableViewController.m */; };
		18749BCE1D140AC600858B85 /* ResultsTableViewCell.m in Sources */ = {isa = PBXBuildFile; fileRef = 18749BCC1D140AC600858B85 /* ResultsTableViewCell.m */; };
		18749BCF1D140AC600858B85 /* ResultsTableViewCell.xib in Resources */ = {isa = PBXBuildFile; fileRef = 18749BCD1D140AC600858B85 /* ResultsTableViewCell.xib */; };
		1881A20A1D0FCD8000192BD1 /* CategoriesTableViewController.m in Sources */ = {isa = PBXBuildFile; fileRef = 1881A2091D0FCD8000192BD1 /* CategoriesTableViewController.m */; };
		1881A2151D13085800192BD1 /* EventsViewController.m in Sources */ = {isa = PBXBuildFile; fileRef = 1881A2141D13085800192BD1 /* EventsViewController.m */; };
		188F51D91D0F08ED0083169D /* main.m in Sources */ = {isa = PBXBuildFile; fileRef = 188F51D81D0F08ED0083169D /* main.m */; };
		188F51DC1D0F08ED0083169D /* AppDelegate.m in Sources */ = {isa = PBXBuildFile; fileRef = 188F51DB1D0F08ED0083169D /* AppDelegate.m */; };
		188F51E21D0F08ED0083169D /* Main.storyboard in Resources */ = {isa = PBXBuildFile; fileRef = 188F51E01D0F08ED0083169D /* Main.storyboard */; };
		188F51E41D0F08ED0083169D /* Assets.xcassets in Resources */ = {isa = PBXBuildFile; fileRef = 188F51E31D0F08ED0083169D /* Assets.xcassets */; };
		188F51E71D0F08ED0083169D /* LaunchScreen.storyboard in Resources */ = {isa = PBXBuildFile; fileRef = 188F51E51D0F08ED0083169D /* LaunchScreen.storyboard */; };
		188F51F21D0F08ED0083169D /* TechTatva__16Tests.m in Sources */ = {isa = PBXBuildFile; fileRef = 188F51F11D0F08ED0083169D /* TechTatva__16Tests.m */; };
		188F51FD1D0F08ED0083169D /* TechTatva__16UITests.m in Sources */ = {isa = PBXBuildFile; fileRef = 188F51FC1D0F08ED0083169D /* TechTatva__16UITests.m */; };
		D60BB7B41D70C0120083D0C9 /* EventsTableViewCell.m in Sources */ = {isa = PBXBuildFile; fileRef = D60BB7B21D70C0120083D0C9 /* EventsTableViewCell.m */; };
		D60BB7B51D70C0120083D0C9 /* EventsTableViewCell.xib in Resources */ = {isa = PBXBuildFile; fileRef = D60BB7B31D70C0120083D0C9 /* EventsTableViewCell.xib */; };
		D60BB7BB1D70C3A40083D0C9 /* Calendar-50.png in Resources */ = {isa = PBXBuildFile; fileRef = D60BB7B61D70C3A40083D0C9 /* Calendar-50.png */; };
		D60BB7BC1D70C3A40083D0C9 /* Marker Filled-50.png in Resources */ = {isa = PBXBuildFile; fileRef = D60BB7B71D70C3A40083D0C9 /* Marker Filled-50.png */; };
		D60BB7BD1D70C3A40083D0C9 /* Phone Filled-50.png in Resources */ = {isa = PBXBuildFile; fileRef = D60BB7B81D70C3A40083D0C9 /* Phone Filled-50.png */; };
		D60BB7BE1D70C3A40083D0C9 /* Time Filled-50.png in Resources */ = {isa = PBXBuildFile; fileRef = D60BB7B91D70C3A40083D0C9 /* Time Filled-50.png */; };
		D60BB7BF1D70C3A40083D0C9 /* User Group Man Man-50.png in Resources */ = {isa = PBXBuildFile; fileRef = D60BB7BA1D70C3A40083D0C9 /* User Group Man Man-50.png */; };
		D60BB7C51D72EF290083D0C9 /* Events@2x.png in Resources */ = {isa = PBXBuildFile; fileRef = D60BB7C11D72EF290083D0C9 /* Events@2x.png */; };
		D60BB7C61D72EF290083D0C9 /* Instagram@2x.png in Resources */ = {isa = PBXBuildFile; fileRef = D60BB7C21D72EF290083D0C9 /* Instagram@2x.png */; };
		D60BB7C71D72EF290083D0C9 /* Results@2x.png in Resources */ = {isa = PBXBuildFile; fileRef = D60BB7C31D72EF290083D0C9 /* Results@2x.png */; };
		D60BB7C91D72F08B0083D0C9 /* Category@2x.png in Resources */ = {isa = PBXBuildFile; fileRef = D60BB7C81D72F08B0083D0C9 /* Category@2x.png */; };
		D61DBBCA1D38ACBF001BA98D /* instagramJsonModel.m in Sources */ = {isa = PBXBuildFile; fileRef = D61DBBC91D38ACBF001BA98D /* instagramJsonModel.m */; };
		D6247BF61D7B0C58007F7FF1 /* AboutUsTableViewController.m in Sources */ = {isa = PBXBuildFile; fileRef = D6247BF51D7B0C58007F7FF1 /* AboutUsTableViewController.m */; };
		D6247BF81D7B0E74007F7FF1 /* fb@2x.png in Resources */ = {isa = PBXBuildFile; fileRef = D6247BF71D7B0E74007F7FF1 /* fb@2x.png */; };
		D6247BFC1D7B100C007F7FF1 /* google+@2x.png in Resources */ = {isa = PBXBuildFile; fileRef = D6247BF91D7B100C007F7FF1 /* google+@2x.png */; };
		D6247BFE1D7B100C007F7FF1 /* twitter@2x.png in Resources */ = {isa = PBXBuildFile; fileRef = D6247BFB1D7B100C007F7FF1 /* twitter@2x.png */; };
		D6247C021D7B145F007F7FF1 /* youtube.png in Resources */ = {isa = PBXBuildFile; fileRef = D6247C011D7B145F007F7FF1 /* youtube.png */; };
		D640BF531D4FD5B4006BA67C /* EventsDetailsJSONModel.m in Sources */ = {isa = PBXBuildFile; fileRef = D640BF521D4FD5B4006BA67C /* EventsDetailsJSONModel.m */; };
		D699EEC81D1BFF380093F9CC /* InfoDetailsView.m in Sources */ = {isa = PBXBuildFile; fileRef = D699EEC71D1BFF380093F9CC /* InfoDetailsView.m */; };
		D699EECA1D1BFF4D0093F9CC /* InfoDetailsView.xib in Resources */ = {isa = PBXBuildFile; fileRef = D699EEC91D1BFF4D0093F9CC /* InfoDetailsView.xib */; };
		D699EECD1D1BFF670093F9CC /* EventsDetailsView.m in Sources */ = {isa = PBXBuildFile; fileRef = D699EECC1D1BFF670093F9CC /* EventsDetailsView.m */; };
		D699EECF1D1BFF750093F9CC /* EventsDetailsView.xib in Resources */ = {isa = PBXBuildFile; fileRef = D699EECE1D1BFF750093F9CC /* EventsDetailsView.xib */; };
		D6C0853D1D7EBCEE00FBD1BC /* FeedbackTableViewController.m in Sources */ = {isa = PBXBuildFile; fileRef = D6C0853C1D7EBCEE00FBD1BC /* FeedbackTableViewController.m */; };
		D6C5949E1D1831E9006F19D0 /* likepic.png in Resources */ = {isa = PBXBuildFile; fileRef = D6C5949B1D1831E9006F19D0 /* likepic.png */; };
		D6C5949F1D1831E9006F19D0 /* techtatvalogo.jpg in Resources */ = {isa = PBXBuildFile; fileRef = D6C5949C1D1831E9006F19D0 /* techtatvalogo.jpg */; };
		D6C594A01D1831E9006F19D0 /* Comment.png in Resources */ = {isa = PBXBuildFile; fileRef = D6C5949D1D1831E9006F19D0 /* Comment.png */; };
		D6C594D91D1976F8006F19D0 /* InstagramTableViewController.m in Sources */ = {isa = PBXBuildFile; fileRef = D6C594D81D1976F8006F19D0 /* InstagramTableViewController.m */; };
		D6C594DD1D19771C006F19D0 /* InstagramTableViewCell.m in Sources */ = {isa = PBXBuildFile; fileRef = D6C594DB1D19771C006F19D0 /* InstagramTableViewCell.m */; };
		D6C594DE1D19771C006F19D0 /* InstagramTableViewCell.xib in Resources */ = {isa = PBXBuildFile; fileRef = D6C594DC1D19771C006F19D0 /* InstagramTableViewCell.xib */; };
		D6D061261D782D8B00D9267E /* OnlineEventsViewController.m in Sources */ = {isa = PBXBuildFile; fileRef = D6D061251D782D8B00D9267E /* OnlineEventsViewController.m */; };
		D6DCA1C61D1C58BC00496F9D /* EventsPopupView.m in Sources */ = {isa = PBXBuildFile; fileRef = D6DCA1C51D1C58BC00496F9D /* EventsPopupView.m */; };
		D6DCA1CA1D1C58E000496F9D /* EventsPopupView.xib in Resources */ = {isa = PBXBuildFile; fileRef = D6DCA1C91D1C58E000496F9D /* EventsPopupView.xib */; };
		D6E6326D1D7AC21B00E71851 /* RegistrationPageViewController.m in Sources */ = {isa = PBXBuildFile; fileRef = D6E6326C1D7AC21B00E71851 /* RegistrationPageViewController.m */; };
/* End PBXBuildFile section */

/* Begin PBXContainerItemProxy section */
		188F51EE1D0F08ED0083169D /* PBXContainerItemProxy */ = {
			isa = PBXContainerItemProxy;
			containerPortal = 188F51CC1D0F08ED0083169D /* Project object */;
			proxyType = 1;
			remoteGlobalIDString = 188F51D31D0F08ED0083169D;
			remoteInfo = "TechTatva '16";
		};
		188F51F91D0F08ED0083169D /* PBXContainerItemProxy */ = {
			isa = PBXContainerItemProxy;
			containerPortal = 188F51CC1D0F08ED0083169D /* Project object */;
			proxyType = 1;
			remoteGlobalIDString = 188F51D31D0F08ED0083169D;
			remoteInfo = "TechTatva '16";
		};
/* End PBXContainerItemProxy section */

/* Begin PBXFileReference section */
		1828D8191D7476B000E0454F /* CategoriesTableViewCell.h */ = {isa = PBXFileReference; fileEncoding = 4; lastKnownFileType = sourcecode.c.h; path = CategoriesTableViewCell.h; sourceTree = "<group>"; };
		1828D81A1D7476B000E0454F /* CategoriesTableViewCell.m */ = {isa = PBXFileReference; fileEncoding = 4; lastKnownFileType = sourcecode.c.objc; path = CategoriesTableViewCell.m; sourceTree = "<group>"; };
		1828D81B1D7476B000E0454F /* CategoriesTableViewCell.xib */ = {isa = PBXFileReference; fileEncoding = 4; lastKnownFileType = file.xib; path = CategoriesTableViewCell.xib; sourceTree = "<group>"; };
		18541FDF1D6DD9370046EAD0 /* Favourites.xcdatamodel */ = {isa = PBXFileReference; lastKnownFileType = wrapper.xcdatamodel; path = Favourites.xcdatamodel; sourceTree = "<group>"; };
		18541FED1D6DE04F0046EAD0 /* Entity+CoreDataProperties.h */ = {isa = PBXFileReference; fileEncoding = 4; lastKnownFileType = sourcecode.c.h; path = "Entity+CoreDataProperties.h"; sourceTree = "<group>"; };
		18541FEE1D6DE04F0046EAD0 /* Entity+CoreDataProperties.m */ = {isa = PBXFileReference; fileEncoding = 4; lastKnownFileType = sourcecode.c.objc; path = "Entity+CoreDataProperties.m"; sourceTree = "<group>"; };
		18541FEF1D6DE04F0046EAD0 /* Entity.h */ = {isa = PBXFileReference; fileEncoding = 4; lastKnownFileType = sourcecode.c.h; path = Entity.h; sourceTree = "<group>"; };
		18541FF01D6DE04F0046EAD0 /* Entity.m */ = {isa = PBXFileReference; fileEncoding = 4; lastKnownFileType = sourcecode.c.objc; path = Entity.m; sourceTree = "<group>"; };
		18749BBE1D13F17600858B85 /* MoreTableViewController.h */ = {isa = PBXFileReference; fileEncoding = 4; lastKnownFileType = sourcecode.c.h; path = MoreTableViewController.h; sourceTree = "<group>"; };
		18749BBF1D13F17600858B85 /* MoreTableViewController.m */ = {isa = PBXFileReference; fileEncoding = 4; lastKnownFileType = sourcecode.c.objc; path = MoreTableViewController.m; sourceTree = "<group>"; };
		18749BC11D13F1E600858B85 /* MoreTableViewCell.h */ = {isa = PBXFileReference; fileEncoding = 4; lastKnownFileType = sourcecode.c.h; path = MoreTableViewCell.h; sourceTree = "<group>"; };
		18749BC21D13F1E600858B85 /* MoreTableViewCell.m */ = {isa = PBXFileReference; fileEncoding = 4; lastKnownFileType = sourcecode.c.objc; path = MoreTableViewCell.m; sourceTree = "<group>"; };
		18749BC31D13F1E600858B85 /* MoreTableViewCell.xib */ = {isa = PBXFileReference; fileEncoding = 4; lastKnownFileType = file.xib; path = MoreTableViewCell.xib; sourceTree = "<group>"; };
		18749BC61D13F8FC00858B85 /* thumb_IMG_7632_1024.jpg */ = {isa = PBXFileReference; lastKnownFileType = image.jpeg; path = thumb_IMG_7632_1024.jpg; sourceTree = "<group>"; };
		18749BC81D14094700858B85 /* ResultsTableViewController.h */ = {isa = PBXFileReference; fileEncoding = 4; lastKnownFileType = sourcecode.c.h; path = ResultsTableViewController.h; sourceTree = "<group>"; };
		18749BC91D14094700858B85 /* ResultsTableViewController.m */ = {isa = PBXFileReference; fileEncoding = 4; lastKnownFileType = sourcecode.c.objc; path = ResultsTableViewController.m; sourceTree = "<group>"; };
		18749BCB1D140AC600858B85 /* ResultsTableViewCell.h */ = {isa = PBXFileReference; fileEncoding = 4; lastKnownFileType = sourcecode.c.h; path = ResultsTableViewCell.h; sourceTree = "<group>"; };
		18749BCC1D140AC600858B85 /* ResultsTableViewCell.m */ = {isa = PBXFileReference; fileEncoding = 4; lastKnownFileType = sourcecode.c.objc; path = ResultsTableViewCell.m; sourceTree = "<group>"; };
		18749BCD1D140AC600858B85 /* ResultsTableViewCell.xib */ = {isa = PBXFileReference; fileEncoding = 4; lastKnownFileType = file.xib; path = ResultsTableViewCell.xib; sourceTree = "<group>"; };
		1881A2081D0FCD8000192BD1 /* CategoriesTableViewController.h */ = {isa = PBXFileReference; fileEncoding = 4; lastKnownFileType = sourcecode.c.h; name = CategoriesTableViewController.h; path = ../CategoriesTableViewController.h; sourceTree = "<group>"; };
		1881A2091D0FCD8000192BD1 /* CategoriesTableViewController.m */ = {isa = PBXFileReference; fileEncoding = 4; lastKnownFileType = sourcecode.c.objc; name = CategoriesTableViewController.m; path = ../CategoriesTableViewController.m; sourceTree = "<group>"; };
		1881A2131D13085800192BD1 /* EventsViewController.h */ = {isa = PBXFileReference; fileEncoding = 4; lastKnownFileType = sourcecode.c.h; path = EventsViewController.h; sourceTree = "<group>"; };
		1881A2141D13085800192BD1 /* EventsViewController.m */ = {isa = PBXFileReference; fileEncoding = 4; lastKnownFileType = sourcecode.c.objc; path = EventsViewController.m; sourceTree = "<group>"; };
		188F51D41D0F08ED0083169D /* TechTatva '16.app */ = {isa = PBXFileReference; explicitFileType = wrapper.application; includeInIndex = 0; path = "TechTatva '16.app"; sourceTree = BUILT_PRODUCTS_DIR; };
		188F51D81D0F08ED0083169D /* main.m */ = {isa = PBXFileReference; lastKnownFileType = sourcecode.c.objc; path = main.m; sourceTree = "<group>"; };
		188F51DA1D0F08ED0083169D /* AppDelegate.h */ = {isa = PBXFileReference; lastKnownFileType = sourcecode.c.h; path = AppDelegate.h; sourceTree = "<group>"; };
		188F51DB1D0F08ED0083169D /* AppDelegate.m */ = {isa = PBXFileReference; lastKnownFileType = sourcecode.c.objc; path = AppDelegate.m; sourceTree = "<group>"; };
		188F51E11D0F08ED0083169D /* Base */ = {isa = PBXFileReference; lastKnownFileType = file.storyboard; name = Base; path = Base.lproj/Main.storyboard; sourceTree = "<group>"; };
		188F51E31D0F08ED0083169D /* Assets.xcassets */ = {isa = PBXFileReference; lastKnownFileType = folder.assetcatalog; path = Assets.xcassets; sourceTree = "<group>"; };
		188F51E61D0F08ED0083169D /* Base */ = {isa = PBXFileReference; lastKnownFileType = file.storyboard; name = Base; path = Base.lproj/LaunchScreen.storyboard; sourceTree = "<group>"; };
		188F51E81D0F08ED0083169D /* Info.plist */ = {isa = PBXFileReference; lastKnownFileType = text.plist.xml; path = Info.plist; sourceTree = "<group>"; };
		188F51ED1D0F08ED0083169D /* TechTatva '16Tests.xctest */ = {isa = PBXFileReference; explicitFileType = wrapper.cfbundle; includeInIndex = 0; path = "TechTatva '16Tests.xctest"; sourceTree = BUILT_PRODUCTS_DIR; };
		188F51F11D0F08ED0083169D /* TechTatva__16Tests.m */ = {isa = PBXFileReference; lastKnownFileType = sourcecode.c.objc; path = TechTatva__16Tests.m; sourceTree = "<group>"; };
		188F51F31D0F08ED0083169D /* Info.plist */ = {isa = PBXFileReference; lastKnownFileType = text.plist.xml; path = Info.plist; sourceTree = "<group>"; };
		188F51F81D0F08ED0083169D /* TechTatva '16UITests.xctest */ = {isa = PBXFileReference; explicitFileType = wrapper.cfbundle; includeInIndex = 0; path = "TechTatva '16UITests.xctest"; sourceTree = BUILT_PRODUCTS_DIR; };
		188F51FC1D0F08ED0083169D /* TechTatva__16UITests.m */ = {isa = PBXFileReference; lastKnownFileType = sourcecode.c.objc; path = TechTatva__16UITests.m; sourceTree = "<group>"; };
		188F51FE1D0F08ED0083169D /* Info.plist */ = {isa = PBXFileReference; lastKnownFileType = text.plist.xml; path = Info.plist; sourceTree = "<group>"; };
		D60BB7B11D70C0120083D0C9 /* EventsTableViewCell.h */ = {isa = PBXFileReference; fileEncoding = 4; lastKnownFileType = sourcecode.c.h; path = EventsTableViewCell.h; sourceTree = "<group>"; };
		D60BB7B21D70C0120083D0C9 /* EventsTableViewCell.m */ = {isa = PBXFileReference; fileEncoding = 4; lastKnownFileType = sourcecode.c.objc; path = EventsTableViewCell.m; sourceTree = "<group>"; };
		D60BB7B31D70C0120083D0C9 /* EventsTableViewCell.xib */ = {isa = PBXFileReference; fileEncoding = 4; lastKnownFileType = file.xib; path = EventsTableViewCell.xib; sourceTree = "<group>"; };
		D60BB7B61D70C3A40083D0C9 /* Calendar-50.png */ = {isa = PBXFileReference; lastKnownFileType = image.png; path = "Calendar-50.png"; sourceTree = "<group>"; };
		D60BB7B71D70C3A40083D0C9 /* Marker Filled-50.png */ = {isa = PBXFileReference; lastKnownFileType = image.png; path = "Marker Filled-50.png"; sourceTree = "<group>"; };
		D60BB7B81D70C3A40083D0C9 /* Phone Filled-50.png */ = {isa = PBXFileReference; lastKnownFileType = image.png; path = "Phone Filled-50.png"; sourceTree = "<group>"; };
		D60BB7B91D70C3A40083D0C9 /* Time Filled-50.png */ = {isa = PBXFileReference; lastKnownFileType = image.png; path = "Time Filled-50.png"; sourceTree = "<group>"; };
		D60BB7BA1D70C3A40083D0C9 /* User Group Man Man-50.png */ = {isa = PBXFileReference; lastKnownFileType = image.png; path = "User Group Man Man-50.png"; sourceTree = "<group>"; };
		D60BB7C11D72EF290083D0C9 /* Events@2x.png */ = {isa = PBXFileReference; lastKnownFileType = image.png; path = "Events@2x.png"; sourceTree = "<group>"; };
		D60BB7C21D72EF290083D0C9 /* Instagram@2x.png */ = {isa = PBXFileReference; lastKnownFileType = image.png; path = "Instagram@2x.png"; sourceTree = "<group>"; };
		D60BB7C31D72EF290083D0C9 /* Results@2x.png */ = {isa = PBXFileReference; lastKnownFileType = image.png; path = "Results@2x.png"; sourceTree = "<group>"; };
		D60BB7C81D72F08B0083D0C9 /* Category@2x.png */ = {isa = PBXFileReference; lastKnownFileType = image.png; path = "Category@2x.png"; sourceTree = "<group>"; };
		D61DBBC81D38ACBF001BA98D /* instagramJsonModel.h */ = {isa = PBXFileReference; fileEncoding = 4; lastKnownFileType = sourcecode.c.h; path = instagramJsonModel.h; sourceTree = "<group>"; };
		D61DBBC91D38ACBF001BA98D /* instagramJsonModel.m */ = {isa = PBXFileReference; fileEncoding = 4; lastKnownFileType = sourcecode.c.objc; path = instagramJsonModel.m; sourceTree = "<group>"; };
		D6247BF41D7B0C58007F7FF1 /* AboutUsTableViewController.h */ = {isa = PBXFileReference; fileEncoding = 4; lastKnownFileType = sourcecode.c.h; name = AboutUsTableViewController.h; path = ../AboutUsTableViewController.h; sourceTree = "<group>"; };
		D6247BF51D7B0C58007F7FF1 /* AboutUsTableViewController.m */ = {isa = PBXFileReference; fileEncoding = 4; lastKnownFileType = sourcecode.c.objc; name = AboutUsTableViewController.m; path = ../AboutUsTableViewController.m; sourceTree = "<group>"; };
		D6247BF71D7B0E74007F7FF1 /* fb@2x.png */ = {isa = PBXFileReference; lastKnownFileType = image.png; path = "fb@2x.png"; sourceTree = "<group>"; };
		D6247BF91D7B100C007F7FF1 /* google+@2x.png */ = {isa = PBXFileReference; lastKnownFileType = image.png; path = "google+@2x.png"; sourceTree = "<group>"; };
		D6247BFB1D7B100C007F7FF1 /* twitter@2x.png */ = {isa = PBXFileReference; lastKnownFileType = image.png; path = "twitter@2x.png"; sourceTree = "<group>"; };
		D6247C011D7B145F007F7FF1 /* youtube.png */ = {isa = PBXFileReference; lastKnownFileType = image.png; path = youtube.png; sourceTree = "<group>"; };
		D640BF511D4FD5B4006BA67C /* EventsDetailsJSONModel.h */ = {isa = PBXFileReference; fileEncoding = 4; lastKnownFileType = sourcecode.c.h; path = EventsDetailsJSONModel.h; sourceTree = "<group>"; };
		D640BF521D4FD5B4006BA67C /* EventsDetailsJSONModel.m */ = {isa = PBXFileReference; fileEncoding = 4; lastKnownFileType = sourcecode.c.objc; path = EventsDetailsJSONModel.m; sourceTree = "<group>"; };
		D699EEC61D1BFF380093F9CC /* InfoDetailsView.h */ = {isa = PBXFileReference; fileEncoding = 4; lastKnownFileType = sourcecode.c.h; path = InfoDetailsView.h; sourceTree = "<group>"; };
		D699EEC71D1BFF380093F9CC /* InfoDetailsView.m */ = {isa = PBXFileReference; fileEncoding = 4; lastKnownFileType = sourcecode.c.objc; path = InfoDetailsView.m; sourceTree = "<group>"; };
		D699EEC91D1BFF4D0093F9CC /* InfoDetailsView.xib */ = {isa = PBXFileReference; fileEncoding = 4; lastKnownFileType = file.xib; path = InfoDetailsView.xib; sourceTree = "<group>"; };
		D699EECB1D1BFF670093F9CC /* EventsDetailsView.h */ = {isa = PBXFileReference; fileEncoding = 4; lastKnownFileType = sourcecode.c.h; name = EventsDetailsView.h; path = ../EventsDetailsView.h; sourceTree = "<group>"; };
		D699EECC1D1BFF670093F9CC /* EventsDetailsView.m */ = {isa = PBXFileReference; fileEncoding = 4; lastKnownFileType = sourcecode.c.objc; name = EventsDetailsView.m; path = ../EventsDetailsView.m; sourceTree = "<group>"; };
		D699EECE1D1BFF750093F9CC /* EventsDetailsView.xib */ = {isa = PBXFileReference; fileEncoding = 4; lastKnownFileType = file.xib; name = EventsDetailsView.xib; path = ../EventsDetailsView.xib; sourceTree = "<group>"; };
		D6C0853B1D7EBCEE00FBD1BC /* FeedbackTableViewController.h */ = {isa = PBXFileReference; fileEncoding = 4; lastKnownFileType = sourcecode.c.h; path = FeedbackTableViewController.h; sourceTree = "<group>"; };
		D6C0853C1D7EBCEE00FBD1BC /* FeedbackTableViewController.m */ = {isa = PBXFileReference; fileEncoding = 4; lastKnownFileType = sourcecode.c.objc; path = FeedbackTableViewController.m; sourceTree = "<group>"; };
		D6C5949B1D1831E9006F19D0 /* likepic.png */ = {isa = PBXFileReference; lastKnownFileType = image.png; path = likepic.png; sourceTree = "<group>"; };
		D6C5949C1D1831E9006F19D0 /* techtatvalogo.jpg */ = {isa = PBXFileReference; lastKnownFileType = image.jpeg; path = techtatvalogo.jpg; sourceTree = "<group>"; };
		D6C5949D1D1831E9006F19D0 /* Comment.png */ = {isa = PBXFileReference; lastKnownFileType = image.png; path = Comment.png; sourceTree = "<group>"; };
		D6C594D71D1976F8006F19D0 /* InstagramTableViewController.h */ = {isa = PBXFileReference; fileEncoding = 4; lastKnownFileType = sourcecode.c.h; path = InstagramTableViewController.h; sourceTree = "<group>"; };
		D6C594D81D1976F8006F19D0 /* InstagramTableViewController.m */ = {isa = PBXFileReference; fileEncoding = 4; lastKnownFileType = sourcecode.c.objc; path = InstagramTableViewController.m; sourceTree = "<group>"; };
		D6C594DA1D19771C006F19D0 /* InstagramTableViewCell.h */ = {isa = PBXFileReference; fileEncoding = 4; lastKnownFileType = sourcecode.c.h; path = InstagramTableViewCell.h; sourceTree = "<group>"; };
		D6C594DB1D19771C006F19D0 /* InstagramTableViewCell.m */ = {isa = PBXFileReference; fileEncoding = 4; lastKnownFileType = sourcecode.c.objc; path = InstagramTableViewCell.m; sourceTree = "<group>"; };
		D6C594DC1D19771C006F19D0 /* InstagramTableViewCell.xib */ = {isa = PBXFileReference; fileEncoding = 4; lastKnownFileType = file.xib; path = InstagramTableViewCell.xib; sourceTree = "<group>"; };
		D6D061241D782D8B00D9267E /* OnlineEventsViewController.h */ = {isa = PBXFileReference; fileEncoding = 4; lastKnownFileType = sourcecode.c.h; path = OnlineEventsViewController.h; sourceTree = "<group>"; };
		D6D061251D782D8B00D9267E /* OnlineEventsViewController.m */ = {isa = PBXFileReference; fileEncoding = 4; lastKnownFileType = sourcecode.c.objc; path = OnlineEventsViewController.m; sourceTree = "<group>"; };
		D6DCA1C41D1C58BC00496F9D /* EventsPopupView.h */ = {isa = PBXFileReference; fileEncoding = 4; lastKnownFileType = sourcecode.c.h; path = EventsPopupView.h; sourceTree = "<group>"; };
		D6DCA1C51D1C58BC00496F9D /* EventsPopupView.m */ = {isa = PBXFileReference; fileEncoding = 4; lastKnownFileType = sourcecode.c.objc; path = EventsPopupView.m; sourceTree = "<group>"; };
		D6DCA1C91D1C58E000496F9D /* EventsPopupView.xib */ = {isa = PBXFileReference; fileEncoding = 4; lastKnownFileType = file.xib; name = EventsPopupView.xib; path = ../EventsPopupView.xib; sourceTree = "<group>"; };
		D6E6326B1D7AC21B00E71851 /* RegistrationPageViewController.h */ = {isa = PBXFileReference; fileEncoding = 4; lastKnownFileType = sourcecode.c.h; name = RegistrationPageViewController.h; path = ../RegistrationPageViewController.h; sourceTree = "<group>"; };
		D6E6326C1D7AC21B00E71851 /* RegistrationPageViewController.m */ = {isa = PBXFileReference; fileEncoding = 4; lastKnownFileType = sourcecode.c.objc; name = RegistrationPageViewController.m; path = ../RegistrationPageViewController.m; sourceTree = "<group>"; };
/* End PBXFileReference section */

/* Begin PBXFrameworksBuildPhase section */
		188F51D11D0F08ED0083169D /* Frameworks */ = {
			isa = PBXFrameworksBuildPhase;
			buildActionMask = 2147483647;
			files = (
			);
			runOnlyForDeploymentPostprocessing = 0;
		};
		188F51EA1D0F08ED0083169D /* Frameworks */ = {
			isa = PBXFrameworksBuildPhase;
			buildActionMask = 2147483647;
			files = (
			);
			runOnlyForDeploymentPostprocessing = 0;
		};
		188F51F51D0F08ED0083169D /* Frameworks */ = {
			isa = PBXFrameworksBuildPhase;
			buildActionMask = 2147483647;
			files = (
			);
			runOnlyForDeploymentPostprocessing = 0;
		};
/* End PBXFrameworksBuildPhase section */

/* Begin PBXGroup section */
		1868992C1D6E34F800B82923 /* Favourites Core Data Model */ = {
			isa = PBXGroup;
			children = (
				18541FDE1D6DD9370046EAD0 /* Favourites.xcdatamodeld */,
				18541FED1D6DE04F0046EAD0 /* Entity+CoreDataProperties.h */,
				18541FEE1D6DE04F0046EAD0 /* Entity+CoreDataProperties.m */,
				18541FEF1D6DE04F0046EAD0 /* Entity.h */,
				18541FF01D6DE04F0046EAD0 /* Entity.m */,
			);
			name = "Favourites Core Data Model";
			sourceTree = "<group>";
		};
		1868992D1D6E350500B82923 /* App Delegate */ = {
			isa = PBXGroup;
			children = (
				188F51DA1D0F08ED0083169D /* AppDelegate.h */,
				188F51DB1D0F08ED0083169D /* AppDelegate.m */,
			);
			name = "App Delegate";
			sourceTree = "<group>";
		};
		188F51CB1D0F08ED0083169D = {
			isa = PBXGroup;
			children = (
				188F51D61D0F08ED0083169D /* TechTatva '16 */,
				188F51F01D0F08ED0083169D /* TechTatva '16Tests */,
				188F51FB1D0F08ED0083169D /* TechTatva '16UITests */,
				188F51D51D0F08ED0083169D /* Products */,
			);
			sourceTree = "<group>";
		};
		188F51D51D0F08ED0083169D /* Products */ = {
			isa = PBXGroup;
			children = (
				188F51D41D0F08ED0083169D /* TechTatva '16.app */,
				188F51ED1D0F08ED0083169D /* TechTatva '16Tests.xctest */,
				188F51F81D0F08ED0083169D /* TechTatva '16UITests.xctest */,
			);
			name = Products;
			sourceTree = "<group>";
		};
		188F51D61D0F08ED0083169D /* TechTatva '16 */ = {
			isa = PBXGroup;
			children = (
				D640BF541D4FD67D006BA67C /* Events Model */,
				D61DBBC71D38AC9D001BA98D /* Instagram Model */,
				1868992D1D6E350500B82923 /* App Delegate */,
				1868992C1D6E34F800B82923 /* Favourites Core Data Model */,
				188F51E01D0F08ED0083169D /* Main.storyboard */,
				D6C0853B1D7EBCEE00FBD1BC /* FeedbackTableViewController.h */,
				D6C0853C1D7EBCEE00FBD1BC /* FeedbackTableViewController.m */,
				D6247BF41D7B0C58007F7FF1 /* AboutUsTableViewController.h */,
				D6247BF51D7B0C58007F7FF1 /* AboutUsTableViewController.m */,
				D6E6326B1D7AC21B00E71851 /* RegistrationPageViewController.h */,
				D6E6326C1D7AC21B00E71851 /* RegistrationPageViewController.m */,
				D6D061241D782D8B00D9267E /* OnlineEventsViewController.h */,
				D6D061251D782D8B00D9267E /* OnlineEventsViewController.m */,
				D60BB7B11D70C0120083D0C9 /* EventsTableViewCell.h */,
				D60BB7B21D70C0120083D0C9 /* EventsTableViewCell.m */,
				D60BB7B31D70C0120083D0C9 /* EventsTableViewCell.xib */,
				1881A2131D13085800192BD1 /* EventsViewController.h */,
				1881A2141D13085800192BD1 /* EventsViewController.m */,
				18749BC81D14094700858B85 /* ResultsTableViewController.h */,
				18749BC91D14094700858B85 /* ResultsTableViewController.m */,
				18749BCB1D140AC600858B85 /* ResultsTableViewCell.h */,
				18749BCC1D140AC600858B85 /* ResultsTableViewCell.m */,
				18749BCD1D140AC600858B85 /* ResultsTableViewCell.xib */,
				18749BBE1D13F17600858B85 /* MoreTableViewController.h */,
				18749BBF1D13F17600858B85 /* MoreTableViewController.m */,
				18749BC11D13F1E600858B85 /* MoreTableViewCell.h */,
				18749BC21D13F1E600858B85 /* MoreTableViewCell.m */,
				18749BC31D13F1E600858B85 /* MoreTableViewCell.xib */,
				D699EECB1D1BFF670093F9CC /* EventsDetailsView.h */,
				D699EECC1D1BFF670093F9CC /* EventsDetailsView.m */,
				D699EECE1D1BFF750093F9CC /* EventsDetailsView.xib */,
				D699EEC61D1BFF380093F9CC /* InfoDetailsView.h */,
				D699EEC71D1BFF380093F9CC /* InfoDetailsView.m */,
				D699EEC91D1BFF4D0093F9CC /* InfoDetailsView.xib */,
				D6DCA1C41D1C58BC00496F9D /* EventsPopupView.h */,
				D6DCA1C51D1C58BC00496F9D /* EventsPopupView.m */,
				D6DCA1C91D1C58E000496F9D /* EventsPopupView.xib */,
				1881A2081D0FCD8000192BD1 /* CategoriesTableViewController.h */,
				1881A2091D0FCD8000192BD1 /* CategoriesTableViewController.m */,
				1828D8191D7476B000E0454F /* CategoriesTableViewCell.h */,
				1828D81A1D7476B000E0454F /* CategoriesTableViewCell.m */,
				1828D81B1D7476B000E0454F /* CategoriesTableViewCell.xib */,
				188F51E31D0F08ED0083169D /* Assets.xcassets */,
				D6C594D71D1976F8006F19D0 /* InstagramTableViewController.h */,
				D6C594D81D1976F8006F19D0 /* InstagramTableViewController.m */,
				D6C594DA1D19771C006F19D0 /* InstagramTableViewCell.h */,
				D6C594DB1D19771C006F19D0 /* InstagramTableViewCell.m */,
				D6C594DC1D19771C006F19D0 /* InstagramTableViewCell.xib */,
				188F51E51D0F08ED0083169D /* LaunchScreen.storyboard */,
				188F51D71D0F08ED0083169D /* Supporting Files */,
			);
			path = "TechTatva '16";
			sourceTree = "<group>";
		};
		188F51D71D0F08ED0083169D /* Supporting Files */ = {
			isa = PBXGroup;
			children = (
				D6247BF71D7B0E74007F7FF1 /* fb@2x.png */,
				D6247C011D7B145F007F7FF1 /* youtube.png */,
				D6247BF91D7B100C007F7FF1 /* google+@2x.png */,
				D6247BFB1D7B100C007F7FF1 /* twitter@2x.png */,
				D60BB7B61D70C3A40083D0C9 /* Calendar-50.png */,
				D60BB7B71D70C3A40083D0C9 /* Marker Filled-50.png */,
				D60BB7B81D70C3A40083D0C9 /* Phone Filled-50.png */,
				D60BB7B91D70C3A40083D0C9 /* Time Filled-50.png */,
				D60BB7BA1D70C3A40083D0C9 /* User Group Man Man-50.png */,
				188F51E81D0F08ED0083169D /* Info.plist */,
				D6C5949B1D1831E9006F19D0 /* likepic.png */,
				D6C5949C1D1831E9006F19D0 /* techtatvalogo.jpg */,
				D6C5949D1D1831E9006F19D0 /* Comment.png */,
				D60BB7C81D72F08B0083D0C9 /* Category@2x.png */,
				D60BB7C11D72EF290083D0C9 /* Events@2x.png */,
				D60BB7C21D72EF290083D0C9 /* Instagram@2x.png */,
				D60BB7C31D72EF290083D0C9 /* Results@2x.png */,
				18749BC61D13F8FC00858B85 /* thumb_IMG_7632_1024.jpg */,
				188F51D81D0F08ED0083169D /* main.m */,
			);
			name = "Supporting Files";
			sourceTree = "<group>";
		};
		188F51F01D0F08ED0083169D /* TechTatva '16Tests */ = {
			isa = PBXGroup;
			children = (
				188F51F11D0F08ED0083169D /* TechTatva__16Tests.m */,
				188F51F31D0F08ED0083169D /* Info.plist */,
			);
			path = "TechTatva '16Tests";
			sourceTree = "<group>";
		};
		188F51FB1D0F08ED0083169D /* TechTatva '16UITests */ = {
			isa = PBXGroup;
			children = (
				188F51FC1D0F08ED0083169D /* TechTatva__16UITests.m */,
				188F51FE1D0F08ED0083169D /* Info.plist */,
			);
			path = "TechTatva '16UITests";
			sourceTree = "<group>";
		};
		D61DBBC71D38AC9D001BA98D /* Instagram Model */ = {
			isa = PBXGroup;
			children = (
				D61DBBC81D38ACBF001BA98D /* instagramJsonModel.h */,
				D61DBBC91D38ACBF001BA98D /* instagramJsonModel.m */,
			);
			name = "Instagram Model";
			sourceTree = "<group>";
		};
		D640BF541D4FD67D006BA67C /* Events Model */ = {
			isa = PBXGroup;
			children = (
				D640BF511D4FD5B4006BA67C /* EventsDetailsJSONModel.h */,
				D640BF521D4FD5B4006BA67C /* EventsDetailsJSONModel.m */,
			);
			name = "Events Model";
			sourceTree = "<group>";
		};
/* End PBXGroup section */

/* Begin PBXNativeTarget section */
		188F51D31D0F08ED0083169D /* TechTatva '16 */ = {
			isa = PBXNativeTarget;
			buildConfigurationList = 188F52011D0F08ED0083169D /* Build configuration list for PBXNativeTarget "TechTatva '16" */;
			buildPhases = (
				188F51D01D0F08ED0083169D /* Sources */,
				188F51D11D0F08ED0083169D /* Frameworks */,
				188F51D21D0F08ED0083169D /* Resources */,
			);
			buildRules = (
			);
			dependencies = (
			);
			name = "TechTatva '16";
			productName = "TechTatva '16";
			productReference = 188F51D41D0F08ED0083169D /* TechTatva '16.app */;
			productType = "com.apple.product-type.application";
		};
		188F51EC1D0F08ED0083169D /* TechTatva '16Tests */ = {
			isa = PBXNativeTarget;
			buildConfigurationList = 188F52041D0F08ED0083169D /* Build configuration list for PBXNativeTarget "TechTatva '16Tests" */;
			buildPhases = (
				188F51E91D0F08ED0083169D /* Sources */,
				188F51EA1D0F08ED0083169D /* Frameworks */,
				188F51EB1D0F08ED0083169D /* Resources */,
			);
			buildRules = (
			);
			dependencies = (
				188F51EF1D0F08ED0083169D /* PBXTargetDependency */,
			);
			name = "TechTatva '16Tests";
			productName = "TechTatva '16Tests";
			productReference = 188F51ED1D0F08ED0083169D /* TechTatva '16Tests.xctest */;
			productType = "com.apple.product-type.bundle.unit-test";
		};
		188F51F71D0F08ED0083169D /* TechTatva '16UITests */ = {
			isa = PBXNativeTarget;
			buildConfigurationList = 188F52071D0F08ED0083169D /* Build configuration list for PBXNativeTarget "TechTatva '16UITests" */;
			buildPhases = (
				188F51F41D0F08ED0083169D /* Sources */,
				188F51F51D0F08ED0083169D /* Frameworks */,
				188F51F61D0F08ED0083169D /* Resources */,
			);
			buildRules = (
			);
			dependencies = (
				188F51FA1D0F08ED0083169D /* PBXTargetDependency */,
			);
			name = "TechTatva '16UITests";
			productName = "TechTatva '16UITests";
			productReference = 188F51F81D0F08ED0083169D /* TechTatva '16UITests.xctest */;
			productType = "com.apple.product-type.bundle.ui-testing";
		};
/* End PBXNativeTarget section */

/* Begin PBXProject section */
		188F51CC1D0F08ED0083169D /* Project object */ = {
			isa = PBXProject;
			attributes = {
				LastUpgradeCheck = 0730;
				ORGANIZATIONNAME = YASH;
				TargetAttributes = {
					188F51D31D0F08ED0083169D = {
						CreatedOnToolsVersion = 7.3;
					};
					188F51EC1D0F08ED0083169D = {
						CreatedOnToolsVersion = 7.3;
						TestTargetID = 188F51D31D0F08ED0083169D;
					};
					188F51F71D0F08ED0083169D = {
						CreatedOnToolsVersion = 7.3;
						TestTargetID = 188F51D31D0F08ED0083169D;
					};
				};
			};
			buildConfigurationList = 188F51CF1D0F08ED0083169D /* Build configuration list for PBXProject "TechTatva '16" */;
			compatibilityVersion = "Xcode 3.2";
			developmentRegion = English;
			hasScannedForEncodings = 0;
			knownRegions = (
				en,
				Base,
			);
			mainGroup = 188F51CB1D0F08ED0083169D;
			productRefGroup = 188F51D51D0F08ED0083169D /* Products */;
			projectDirPath = "";
			projectRoot = "";
			targets = (
				188F51D31D0F08ED0083169D /* TechTatva '16 */,
				188F51EC1D0F08ED0083169D /* TechTatva '16Tests */,
				188F51F71D0F08ED0083169D /* TechTatva '16UITests */,
			);
		};
/* End PBXProject section */

/* Begin PBXResourcesBuildPhase section */
		188F51D21D0F08ED0083169D /* Resources */ = {
			isa = PBXResourcesBuildPhase;
			buildActionMask = 2147483647;
			files = (
				D60BB7BE1D70C3A40083D0C9 /* Time Filled-50.png in Resources */,
				D60BB7C61D72EF290083D0C9 /* Instagram@2x.png in Resources */,
				D6DCA1CA1D1C58E000496F9D /* EventsPopupView.xib in Resources */,
				D699EECA1D1BFF4D0093F9CC /* InfoDetailsView.xib in Resources */,
				D6247BF81D7B0E74007F7FF1 /* fb@2x.png in Resources */,
				D60BB7B51D70C0120083D0C9 /* EventsTableViewCell.xib in Resources */,
				188F51E71D0F08ED0083169D /* LaunchScreen.storyboard in Resources */,
				D6C594DE1D19771C006F19D0 /* InstagramTableViewCell.xib in Resources */,
				18749BC51D13F1E600858B85 /* MoreTableViewCell.xib in Resources */,
				D6C5949E1D1831E9006F19D0 /* likepic.png in Resources */,
				D60BB7C91D72F08B0083D0C9 /* Category@2x.png in Resources */,
				D6247C021D7B145F007F7FF1 /* youtube.png in Resources */,
				D60BB7BF1D70C3A40083D0C9 /* User Group Man Man-50.png in Resources */,
				D60BB7BB1D70C3A40083D0C9 /* Calendar-50.png in Resources */,
				D6C594A01D1831E9006F19D0 /* Comment.png in Resources */,
				18749BC71D13F8FC00858B85 /* thumb_IMG_7632_1024.jpg in Resources */,
				D60BB7BD1D70C3A40083D0C9 /* Phone Filled-50.png in Resources */,
				D6247BFE1D7B100C007F7FF1 /* twitter@2x.png in Resources */,
				D60BB7C51D72EF290083D0C9 /* Events@2x.png in Resources */,
				D60BB7C71D72EF290083D0C9 /* Results@2x.png in Resources */,
				188F51E41D0F08ED0083169D /* Assets.xcassets in Resources */,
				D6247BFC1D7B100C007F7FF1 /* google+@2x.png in Resources */,
				D60BB7BC1D70C3A40083D0C9 /* Marker Filled-50.png in Resources */,
				188F51E21D0F08ED0083169D /* Main.storyboard in Resources */,
				D699EECF1D1BFF750093F9CC /* EventsDetailsView.xib in Resources */,
				1828D81D1D7476B000E0454F /* CategoriesTableViewCell.xib in Resources */,
				18749BCF1D140AC600858B85 /* ResultsTableViewCell.xib in Resources */,
				D6C5949F1D1831E9006F19D0 /* techtatvalogo.jpg in Resources */,
			);
			runOnlyForDeploymentPostprocessing = 0;
		};
		188F51EB1D0F08ED0083169D /* Resources */ = {
			isa = PBXResourcesBuildPhase;
			buildActionMask = 2147483647;
			files = (
			);
			runOnlyForDeploymentPostprocessing = 0;
		};
		188F51F61D0F08ED0083169D /* Resources */ = {
			isa = PBXResourcesBuildPhase;
			buildActionMask = 2147483647;
			files = (
			);
			runOnlyForDeploymentPostprocessing = 0;
		};
/* End PBXResourcesBuildPhase section */

/* Begin PBXSourcesBuildPhase section */
		188F51D01D0F08ED0083169D /* Sources */ = {
			isa = PBXSourcesBuildPhase;
			buildActionMask = 2147483647;
			files = (
				D61DBBCA1D38ACBF001BA98D /* instagramJsonModel.m in Sources */,
				18749BCA1D14094700858B85 /* ResultsTableViewController.m in Sources */,
				188F51DC1D0F08ED0083169D /* AppDelegate.m in Sources */,
				D6247BF61D7B0C58007F7FF1 /* AboutUsTableViewController.m in Sources */,
				D6C0853D1D7EBCEE00FBD1BC /* FeedbackTableViewController.m in Sources */,
				D640BF531D4FD5B4006BA67C /* EventsDetailsJSONModel.m in Sources */,
				18541FF11D6DE04F0046EAD0 /* Entity+CoreDataProperties.m in Sources */,
				D6C594D91D1976F8006F19D0 /* InstagramTableViewController.m in Sources */,
				18541FF21D6DE04F0046EAD0 /* Entity.m in Sources */,
				1881A2151D13085800192BD1 /* EventsViewController.m in Sources */,
				D699EECD1D1BFF670093F9CC /* EventsDetailsView.m in Sources */,
				18541FE01D6DD9370046EAD0 /* Favourites.xcdatamodeld in Sources */,
				D6E6326D1D7AC21B00E71851 /* RegistrationPageViewController.m in Sources */,
				18749BCE1D140AC600858B85 /* ResultsTableViewCell.m in Sources */,
				D6C594DD1D19771C006F19D0 /* InstagramTableViewCell.m in Sources */,
				D699EEC81D1BFF380093F9CC /* InfoDetailsView.m in Sources */,
				1828D81C1D7476B000E0454F /* CategoriesTableViewCell.m in Sources */,
				188F51D91D0F08ED0083169D /* main.m in Sources */,
				D6DCA1C61D1C58BC00496F9D /* EventsPopupView.m in Sources */,
				D60BB7B41D70C0120083D0C9 /* EventsTableViewCell.m in Sources */,
				D6D061261D782D8B00D9267E /* OnlineEventsViewController.m in Sources */,
				18749BC01D13F17600858B85 /* MoreTableViewController.m in Sources */,
				1881A20A1D0FCD8000192BD1 /* CategoriesTableViewController.m in Sources */,
				18749BC41D13F1E600858B85 /* MoreTableViewCell.m in Sources */,
			);
			runOnlyForDeploymentPostprocessing = 0;
		};
		188F51E91D0F08ED0083169D /* Sources */ = {
			isa = PBXSourcesBuildPhase;
			buildActionMask = 2147483647;
			files = (
				188F51F21D0F08ED0083169D /* TechTatva__16Tests.m in Sources */,
			);
			runOnlyForDeploymentPostprocessing = 0;
		};
		188F51F41D0F08ED0083169D /* Sources */ = {
			isa = PBXSourcesBuildPhase;
			buildActionMask = 2147483647;
			files = (
				188F51FD1D0F08ED0083169D /* TechTatva__16UITests.m in Sources */,
			);
			runOnlyForDeploymentPostprocessing = 0;
		};
/* End PBXSourcesBuildPhase section */

/* Begin PBXTargetDependency section */
		188F51EF1D0F08ED0083169D /* PBXTargetDependency */ = {
			isa = PBXTargetDependency;
			target = 188F51D31D0F08ED0083169D /* TechTatva '16 */;
			targetProxy = 188F51EE1D0F08ED0083169D /* PBXContainerItemProxy */;
		};
		188F51FA1D0F08ED0083169D /* PBXTargetDependency */ = {
			isa = PBXTargetDependency;
			target = 188F51D31D0F08ED0083169D /* TechTatva '16 */;
			targetProxy = 188F51F91D0F08ED0083169D /* PBXContainerItemProxy */;
		};
/* End PBXTargetDependency section */

/* Begin PBXVariantGroup section */
		188F51E01D0F08ED0083169D /* Main.storyboard */ = {
			isa = PBXVariantGroup;
			children = (
				188F51E11D0F08ED0083169D /* Base */,
			);
			name = Main.storyboard;
			sourceTree = "<group>";
		};
		188F51E51D0F08ED0083169D /* LaunchScreen.storyboard */ = {
			isa = PBXVariantGroup;
			children = (
				188F51E61D0F08ED0083169D /* Base */,
			);
			name = LaunchScreen.storyboard;
			sourceTree = "<group>";
		};
/* End PBXVariantGroup section */

/* Begin XCBuildConfiguration section */
		188F51FF1D0F08ED0083169D /* Debug */ = {
			isa = XCBuildConfiguration;
			buildSettings = {
				ALWAYS_SEARCH_USER_PATHS = NO;
				CLANG_ANALYZER_NONNULL = YES;
				CLANG_CXX_LANGUAGE_STANDARD = "gnu++0x";
				CLANG_CXX_LIBRARY = "libc++";
				CLANG_ENABLE_MODULES = YES;
				CLANG_ENABLE_OBJC_ARC = YES;
				CLANG_WARN_BOOL_CONVERSION = YES;
				CLANG_WARN_CONSTANT_CONVERSION = YES;
				CLANG_WARN_DIRECT_OBJC_ISA_USAGE = YES_ERROR;
				CLANG_WARN_EMPTY_BODY = YES;
				CLANG_WARN_ENUM_CONVERSION = YES;
				CLANG_WARN_INT_CONVERSION = YES;
				CLANG_WARN_OBJC_ROOT_CLASS = YES_ERROR;
				CLANG_WARN_UNREACHABLE_CODE = YES;
				CLANG_WARN__DUPLICATE_METHOD_MATCH = YES;
				"CODE_SIGN_IDENTITY[sdk=iphoneos*]" = "iPhone Developer";
				COPY_PHASE_STRIP = NO;
				DEBUG_INFORMATION_FORMAT = dwarf;
				ENABLE_STRICT_OBJC_MSGSEND = YES;
				ENABLE_TESTABILITY = YES;
				GCC_C_LANGUAGE_STANDARD = gnu99;
				GCC_DYNAMIC_NO_PIC = NO;
				GCC_NO_COMMON_BLOCKS = YES;
				GCC_OPTIMIZATION_LEVEL = 0;
				GCC_PREPROCESSOR_DEFINITIONS = (
					"DEBUG=1",
					"$(inherited)",
				);
				GCC_WARN_64_TO_32_BIT_CONVERSION = YES;
				GCC_WARN_ABOUT_RETURN_TYPE = YES_ERROR;
				GCC_WARN_UNDECLARED_SELECTOR = YES;
				GCC_WARN_UNINITIALIZED_AUTOS = YES_AGGRESSIVE;
				GCC_WARN_UNUSED_FUNCTION = YES;
				GCC_WARN_UNUSED_VARIABLE = YES;
				IPHONEOS_DEPLOYMENT_TARGET = 9.3;
				MTL_ENABLE_DEBUG_INFO = YES;
				ONLY_ACTIVE_ARCH = YES;
				SDKROOT = iphoneos;
			};
			name = Debug;
		};
		188F52001D0F08ED0083169D /* Release */ = {
			isa = XCBuildConfiguration;
			buildSettings = {
				ALWAYS_SEARCH_USER_PATHS = NO;
				CLANG_ANALYZER_NONNULL = YES;
				CLANG_CXX_LANGUAGE_STANDARD = "gnu++0x";
				CLANG_CXX_LIBRARY = "libc++";
				CLANG_ENABLE_MODULES = YES;
				CLANG_ENABLE_OBJC_ARC = YES;
				CLANG_WARN_BOOL_CONVERSION = YES;
				CLANG_WARN_CONSTANT_CONVERSION = YES;
				CLANG_WARN_DIRECT_OBJC_ISA_USAGE = YES_ERROR;
				CLANG_WARN_EMPTY_BODY = YES;
				CLANG_WARN_ENUM_CONVERSION = YES;
				CLANG_WARN_INT_CONVERSION = YES;
				CLANG_WARN_OBJC_ROOT_CLASS = YES_ERROR;
				CLANG_WARN_UNREACHABLE_CODE = YES;
				CLANG_WARN__DUPLICATE_METHOD_MATCH = YES;
				"CODE_SIGN_IDENTITY[sdk=iphoneos*]" = "iPhone Developer";
				COPY_PHASE_STRIP = NO;
				DEBUG_INFORMATION_FORMAT = "dwarf-with-dsym";
				ENABLE_NS_ASSERTIONS = NO;
				ENABLE_STRICT_OBJC_MSGSEND = YES;
				GCC_C_LANGUAGE_STANDARD = gnu99;
				GCC_NO_COMMON_BLOCKS = YES;
				GCC_WARN_64_TO_32_BIT_CONVERSION = YES;
				GCC_WARN_ABOUT_RETURN_TYPE = YES_ERROR;
				GCC_WARN_UNDECLARED_SELECTOR = YES;
				GCC_WARN_UNINITIALIZED_AUTOS = YES_AGGRESSIVE;
				GCC_WARN_UNUSED_FUNCTION = YES;
				GCC_WARN_UNUSED_VARIABLE = YES;
				IPHONEOS_DEPLOYMENT_TARGET = 9.3;
				MTL_ENABLE_DEBUG_INFO = NO;
				SDKROOT = iphoneos;
				VALIDATE_PRODUCT = YES;
			};
			name = Release;
		};
		188F52021D0F08ED0083169D /* Debug */ = {
			isa = XCBuildConfiguration;
			buildSettings = {
				ASSETCATALOG_COMPILER_APPICON_NAME = AppIcon;
				INFOPLIST_FILE = "TechTatva '16/Info.plist";
				IPHONEOS_DEPLOYMENT_TARGET = 8.4;
				LD_RUNPATH_SEARCH_PATHS = "$(inherited) @executable_path/Frameworks";
				PRODUCT_BUNDLE_IDENTIFIER = "org.LUGM.TechTatva--16";
				PRODUCT_NAME = "$(TARGET_NAME)";
			};
			name = Debug;
		};
		188F52031D0F08ED0083169D /* Release */ = {
			isa = XCBuildConfiguration;
			buildSettings = {
				ASSETCATALOG_COMPILER_APPICON_NAME = AppIcon;
				INFOPLIST_FILE = "TechTatva '16/Info.plist";
				IPHONEOS_DEPLOYMENT_TARGET = 8.4;
				LD_RUNPATH_SEARCH_PATHS = "$(inherited) @executable_path/Frameworks";
				PRODUCT_BUNDLE_IDENTIFIER = "org.LUGM.TechTatva--16";
				PRODUCT_NAME = "$(TARGET_NAME)";
			};
			name = Release;
		};
		188F52051D0F08ED0083169D /* Debug */ = {
			isa = XCBuildConfiguration;
			buildSettings = {
				BUNDLE_LOADER = "$(TEST_HOST)";
				INFOPLIST_FILE = "TechTatva '16Tests/Info.plist";
				LD_RUNPATH_SEARCH_PATHS = "$(inherited) @executable_path/Frameworks @loader_path/Frameworks";
				PRODUCT_BUNDLE_IDENTIFIER = "org.LUGM.TechTatva--16Tests";
				PRODUCT_NAME = "$(TARGET_NAME)";
				TEST_HOST = "$(BUILT_PRODUCTS_DIR)/TechTatva '16.app/TechTatva '16";
			};
			name = Debug;
		};
		188F52061D0F08ED0083169D /* Release */ = {
			isa = XCBuildConfiguration;
			buildSettings = {
				BUNDLE_LOADER = "$(TEST_HOST)";
				INFOPLIST_FILE = "TechTatva '16Tests/Info.plist";
				LD_RUNPATH_SEARCH_PATHS = "$(inherited) @executable_path/Frameworks @loader_path/Frameworks";
				PRODUCT_BUNDLE_IDENTIFIER = "org.LUGM.TechTatva--16Tests";
				PRODUCT_NAME = "$(TARGET_NAME)";
				TEST_HOST = "$(BUILT_PRODUCTS_DIR)/TechTatva '16.app/TechTatva '16";
			};
			name = Release;
		};
		188F52081D0F08ED0083169D /* Debug */ = {
			isa = XCBuildConfiguration;
			buildSettings = {
				INFOPLIST_FILE = "TechTatva '16UITests/Info.plist";
				LD_RUNPATH_SEARCH_PATHS = "$(inherited) @executable_path/Frameworks @loader_path/Frameworks";
				PRODUCT_BUNDLE_IDENTIFIER = "org.LUGM.TechTatva--16UITests";
				PRODUCT_NAME = "$(TARGET_NAME)";
				TEST_TARGET_NAME = "TechTatva '16";
			};
			name = Debug;
		};
		188F52091D0F08ED0083169D /* Release */ = {
			isa = XCBuildConfiguration;
			buildSettings = {
				INFOPLIST_FILE = "TechTatva '16UITests/Info.plist";
				LD_RUNPATH_SEARCH_PATHS = "$(inherited) @executable_path/Frameworks @loader_path/Frameworks";
				PRODUCT_BUNDLE_IDENTIFIER = "org.LUGM.TechTatva--16UITests";
				PRODUCT_NAME = "$(TARGET_NAME)";
				TEST_TARGET_NAME = "TechTatva '16";
			};
			name = Release;
		};
/* End XCBuildConfiguration section */

/* Begin XCConfigurationList section */
		188F51CF1D0F08ED0083169D /* Build configuration list for PBXProject "TechTatva '16" */ = {
			isa = XCConfigurationList;
			buildConfigurations = (
				188F51FF1D0F08ED0083169D /* Debug */,
				188F52001D0F08ED0083169D /* Release */,
			);
			defaultConfigurationIsVisible = 0;
			defaultConfigurationName = Release;
		};
		188F52011D0F08ED0083169D /* Build configuration list for PBXNativeTarget "TechTatva '16" */ = {
			isa = XCConfigurationList;
			buildConfigurations = (
				188F52021D0F08ED0083169D /* Debug */,
				188F52031D0F08ED0083169D /* Release */,
			);
			defaultConfigurationIsVisible = 0;
			defaultConfigurationName = Release;
		};
		188F52041D0F08ED0083169D /* Build configuration list for PBXNativeTarget "TechTatva '16Tests" */ = {
			isa = XCConfigurationList;
			buildConfigurations = (
				188F52051D0F08ED0083169D /* Debug */,
				188F52061D0F08ED0083169D /* Release */,
			);
			defaultConfigurationIsVisible = 0;
			defaultConfigurationName = Release;
		};
		188F52071D0F08ED0083169D /* Build configuration list for PBXNativeTarget "TechTatva '16UITests" */ = {
			isa = XCConfigurationList;
			buildConfigurations = (
				188F52081D0F08ED0083169D /* Debug */,
				188F52091D0F08ED0083169D /* Release */,
			);
			defaultConfigurationIsVisible = 0;
			defaultConfigurationName = Release;
		};
/* End XCConfigurationList section */

/* Begin XCVersionGroup section */
		18541FDE1D6DD9370046EAD0 /* Favourites.xcdatamodeld */ = {
			isa = XCVersionGroup;
			children = (
				18541FDF1D6DD9370046EAD0 /* Favourites.xcdatamodel */,
			);
			currentVersion = 18541FDF1D6DD9370046EAD0 /* Favourites.xcdatamodel */;
			path = Favourites.xcdatamodeld;
			sourceTree = "<group>";
			versionGroupType = wrapper.xcdatamodel;
		};
/* End XCVersionGroup section */
	};
	rootObject = 188F51CC1D0F08ED0083169D /* Project object */;
}
